# This file is generated by running "yarn install" inside your project.
# Manual changes might be lost - proceed with caution!

__metadata:
  version: 10
  cacheKey: 10c0

"@electric-sql/pglite-socket@npm:0.1.3":
  version: 0.1.3
  resolution: "@electric-sql/pglite-socket@npm:0.1.3"
  peerDependencies:
    "@electric-sql/pglite": 0.4.3
  bin:
    pglite-server: dist/scripts/server.js
  checksum: 10c0/c01da3d8ea57a7edfb624b8fed476ac5b2ffbe65ad9e688b33a1bef84f5ef02d2d7878542feecd6646559f974ed2c5d7aafcdb3094a204e23dcfc2dfe3e04db3
  languageName: node
  linkType: hard

"@electric-sql/pglite-tools@npm:0.3.3":
  version: 0.3.3
  resolution: "@electric-sql/pglite-tools@npm:0.3.3"
  peerDependencies:
    "@electric-sql/pglite": 0.4.3
  checksum: 10c0/f5c47482fa19e40fae5b10b929e0bd2379c06996a0afc438f62c3bb42bf14563d2b78fc88a59e36a13db22d2067ae4dfd4d7fa48450faf667cc7062f62507051
  languageName: node
  linkType: hard

"@electric-sql/pglite@npm:0.4.3":
  version: 0.4.3
  resolution: "@electric-sql/pglite@npm:0.4.3"
  checksum: 10c0/480c49655a0557ae855498f5d62f80949e4a191e7183e77e33a6e2654f8fe2424d220a68f2c46fe2c4fc430695938669dc37534fa2c64fa837d6bc3f540e46c4
  languageName: node
  linkType: hard

"@prisma/config@npm:7.10.0":
  version: 7.10.0
  resolution: "@prisma/config@npm:7.10.0"
  dependencies:
    c12: "npm:3.3.4"
    deepmerge-ts: "npm:7.1.5"
    effect: "npm:3.20.0"
    empathic: "npm:2.0.0"
  checksum: 10c0/5f747502247fdc521667fefe3a31c8ae5f5ce0c517f28c9e47bde443bbb0ea42c669ea42232fea31ae35059218f1b7b8e3c53960cc5ced33cd20ccb9b94432cc
  languageName: node
  linkType: hard

"@prisma/debug@npm:7.10.0":
  version: 7.10.0
  resolution: "@prisma/debug@npm:7.10.0"
  checksum: 10c0/612f310dcde0642fec6c2781251b3b4c049c130a361a26a350677d268340fc8857f368cfbec3923e3898439e65e0ee87462e6390aeeaddccedd4654c075ef628
  languageName: node
  linkType: hard

"@prisma/debug@npm:7.2.0":
  version: 7.2.0
  resolution: "@prisma/debug@npm:7.2.0"
  checksum: 10c0/eabdb738c2486abedb4abae510507166ee15dbe1d444bfc0b1406ed4c7145753ae17366cb2fef5ae70b0fa1a97de860ad69ddc3c43e3936722a9bce0aa375290
  languageName: node
  linkType: hard

"@prisma/dev@npm:0.24.17":
  version: 0.24.17
  resolution: "@prisma/dev@npm:0.24.17"
  dependencies:
    "@electric-sql/pglite": "npm:0.4.3"
    "@electric-sql/pglite-socket": "npm:0.1.3"
    "@electric-sql/pglite-tools": "npm:0.3.3"
    "@prisma/get-platform": "npm:7.2.0"
    "@prisma/query-plan-executor": "npm:7.2.0"
    "@prisma/streams-local": "npm:0.1.11"
    find-my-way: "npm:9.7.0"
    foreground-child: "npm:3.3.1"
    get-port-please: "npm:3.2.0"
    pathe: "npm:2.0.3"
    proper-lockfile: "npm:4.1.2"
    remeda: "npm:2.33.4"
    std-env: "npm:3.10.0"
    valibot: "npm:1.4.2"
    zeptomatch: "npm:2.1.0"
  checksum: 10c0/b9c6f1c92e180ae234a32261e6b3791183318c784a4942d7b02b8934731519c300aa9be8ca5e9aa3e5cf5f4d9901864c91c7b45ad5283e508b3f36ba3ee46a10
  languageName: node
  linkType: hard

"@prisma/engines-version@npm:7.10.0-4.0edf323efd1d98336f3f0a68684b56f689b900d3":
  version: 7.10.0-4.0edf323efd1d98336f3f0a68684b56f689b900d3
  resolution: "@prisma/engines-version@npm:7.10.0-4.0edf323efd1d98336f3f0a68684b56f689b900d3"
  checksum: 10c0/d9c181e7a0c412d6ac0350593e35c4a235071c9210f5eef448312019f802ce2ab35defedc565fd7d9441441305a04e65721f2f4c2b88bb8d0760c687927d91d2
  languageName: node
  linkType: hard

"@prisma/engines@npm:7.10.0":
  version: 7.10.0
  resolution: "@prisma/engines@npm:7.10.0"
  dependencies:
    "@prisma/debug": "npm:7.10.0"
    "@prisma/engines-version": "npm:7.10.0-4.0edf323efd1d98336f3f0a68684b56f689b900d3"
    "@prisma/fetch-engine": "npm:7.10.0"
    "@prisma/get-platform": "npm:7.10.0"
  checksum: 10c0/4517c3654f949a23c1fbf18a806c1a62c010c57bc87041526bd9062953966e2f2c4bf97686bbe8f11ebf685d268cba059324814507299b1cb4c19284199ef926
  languageName: node
  linkType: hard

"@prisma/fetch-engine@npm:7.10.0":
  version: 7.10.0
  resolution: "@prisma/fetch-engine@npm:7.10.0"
  dependencies:
    "@prisma/debug": "npm:7.10.0"
    "@prisma/engines-version": "npm:7.10.0-4.0edf323efd1d98336f3f0a68684b56f689b900d3"
    "@prisma/get-platform": "npm:7.10.0"
  checksum: 10c0/c92f26033b6067649a1dde1d1aa12dc490e3a14a270434b5e9c1ce22ef5b83ec226dbd5789e299c9cd9a11b0f360a82c6da234a73d5da1ed7130d0b4899a7a2e
  languageName: node
  linkType: hard

"@prisma/get-platform@npm:7.10.0":
  version: 7.10.0
  resolution: "@prisma/get-platform@npm:7.10.0"
  dependencies:
    "@prisma/debug": "npm:7.10.0"
  checksum: 10c0/25cba6c4e0c7513d13584d7857f6173be9b416bf5ebd78327c26ff857d8101c6da41a7aa0efd44eb58a8396a2b8889d8c178946d400fe81f013c605cd54afa86
  languageName: node
  linkType: hard

"@prisma/get-platform@npm:7.2.0":
  version: 7.2.0
  resolution: "@prisma/get-platform@npm:7.2.0"
  dependencies:
    "@prisma/debug": "npm:7.2.0"
  checksum: 10c0/8a14f19079821ebe1631e75c9905935317fd324edcfe1580a493ce6f13ed9015486c4675d8bfb066fb9c4946c8cb93fb682c54be2bd0b9f1bcfc20feadc8200f
  languageName: node
  linkType: hard

"@prisma/query-plan-executor@npm:7.2.0":
  version: 7.2.0
  resolution: "@prisma/query-plan-executor@npm:7.2.0"
  checksum: 10c0/24b247c39609f205a20d5b6858af9b258dec876a6027eb28f8d1c91c2213e475a7312ada3002b1c3f79732347b0ec67bbd760bc114d79fdefe052786f503bb37
  languageName: node
  linkType: hard

"@prisma/streams-local@npm:0.1.11":
  version: 0.1.11
  resolution: "@prisma/streams-local@npm:0.1.11"
  dependencies:
    ajv: "npm:^8.12.0"
    better-result: "npm:^2.7.0"
    env-paths: "npm:^3.0.0"
    proper-lockfile: "npm:^4.1.2"
  checksum: 10c0/9743cde6d904335c8b0e626a28e28bd17cba02e3d51c4e3203be536d149647fbd71e372ab1792e1e16a86d91f2f048e3254fa9f8ea69eec1caa8011a87c1e937
  languageName: node
  linkType: hard

"@prisma/studio-core@npm:0.33.0":
  version: 0.33.0
  resolution: "@prisma/studio-core@npm:0.33.0"
  dependencies:
    "@radix-ui/react-toggle": "npm:1.1.10"
    "@visx/curve": "npm:4.0.1-alpha.0"
    "@visx/event": "npm:4.0.1-alpha.0"
    "@visx/grid": "npm:4.0.1-alpha.0"
    "@visx/group": "npm:4.0.1-alpha.0"
    "@visx/responsive": "npm:4.0.1-alpha.0"
    "@visx/scale": "npm:4.0.1-alpha.0"
    "@visx/shape": "npm:4.0.1-alpha.0"
    d3-array: "npm:3.2.4"
    d3-shape: "npm:3.2.0"
    elkjs: "npm:0.11.1"
  peerDependencies:
    "@types/react": ^18.0.0 || ^19.0.0
    react: ^18.0.0 || ^19.0.0
    react-dom: ^18.0.0 || ^19.0.0
  checksum: 10c0/6e1e8224a1a496ae87a7e5dd53bb4bac95a2e86d1e30c109a40e2e206b434f94904073bd601740655b99150cdf853f43f5269c98f816dadcd7d284e7a4e44a55
  languageName: node
  linkType: hard

"@radix-ui/primitive@npm:1.1.3":
  version: 1.1.3
  resolution: "@radix-ui/primitive@npm:1.1.3"
  checksum: 10c0/88860165ee7066fa2c179f32ffcd3ee6d527d9dcdc0e8be85e9cb0e2c84834be8e3c1a976c74ba44b193f709544e12f54455d892b28e32f0708d89deda6b9f1d
  languageName: node
  linkType: hard

"@radix-ui/react-compose-refs@npm:1.1.2":
  version: 1.1.2
  resolution: "@radix-ui/react-compose-refs@npm:1.1.2"
  peerDependencies:
    "@types/react": "*"
    react: ^16.8 || ^17.0 || ^18.0 || ^19.0 || ^19.0.0-rc
  peerDependenciesMeta:
    "@types/react":
      optional: true
  checksum: 10c0/d36a9c589eb75d634b9b139c80f916aadaf8a68a7c1c4b8c6c6b88755af1a92f2e343457042089f04cc3f23073619d08bb65419ced1402e9d4e299576d970771
  languageName: node
  linkType: hard

"@radix-ui/react-primitive@npm:2.1.3":
  version: 2.1.3
  resolution: "@radix-ui/react-primitive@npm:2.1.3"
  dependencies:
    "@radix-ui/react-slot": "npm:1.2.3"
  peerDependencies:
    "@types/react": "*"
    "@types/react-dom": "*"
    react: ^16.8 || ^17.0 || ^18.0 || ^19.0 || ^19.0.0-rc
    react-dom: ^16.8 || ^17.0 || ^18.0 || ^19.0 || ^19.0.0-rc
  peerDependenciesMeta:
    "@types/react":
      optional: true
    "@types/react-dom":
      optional: true
  checksum: 10c0/fdff9b84913bb4172ef6d3af7442fca5f9bba5f2709cba08950071f819d7057aec3a4a2d9ef44cf9cbfb8014d02573c6884a04cff175895823aaef809ebdb034
  languageName: node
  linkType: hard

"@radix-ui/react-slot@npm:1.2.3":
  version: 1.2.3
  resolution: "@radix-ui/react-slot@npm:1.2.3"
  dependencies:
    "@radix-ui/react-compose-refs": "npm:1.1.2"
  peerDependencies:
    "@types/react": "*"
    react: ^16.8 || ^17.0 || ^18.0 || ^19.0 || ^19.0.0-rc
  peerDependenciesMeta:
    "@types/react":
      optional: true
  checksum: 10c0/5913aa0d760f505905779515e4b1f0f71a422350f077cc8d26d1aafe53c97f177fec0e6d7fbbb50d8b5e498aa9df9f707ca75ae3801540c283b26b0136138eef
  languageName: node
  linkType: hard

"@radix-ui/react-toggle@npm:1.1.10":
  version: 1.1.10
  resolution: "@radix-ui/react-toggle@npm:1.1.10"
  dependencies:
    "@radix-ui/primitive": "npm:1.1.3"
    "@radix-ui/react-primitive": "npm:2.1.3"
    "@radix-ui/react-use-controllable-state": "npm:1.2.2"
  peerDependencies:
    "@types/react": "*"
    "@types/react-dom": "*"
    react: ^16.8 || ^17.0 || ^18.0 || ^19.0 || ^19.0.0-rc
    react-dom: ^16.8 || ^17.0 || ^18.0 || ^19.0 || ^19.0.0-rc
  peerDependenciesMeta:
    "@types/react":
      optional: true
    "@types/react-dom":
      optional: true
  checksum: 10c0/5406cdf5dd7299ae6cfdb4865dc5fd43ca3c475ebcd4e86830bd296d734255b61f749c9bde452ebfaad126033f92dd1112ee9d95982344ffad34491238dcc9b1
  languageName: node
  linkType: hard

"@radix-ui/react-use-controllable-state@npm:1.2.2":
  version: 1.2.2
  resolution: "@radix-ui/react-use-controllable-state@npm:1.2.2"
  dependencies:
    "@radix-ui/react-use-effect-event": "npm:0.0.2"
    "@radix-ui/react-use-layout-effect": "npm:1.1.1"
  peerDependencies:
    "@types/react": "*"
    react: ^16.8 || ^17.0 || ^18.0 || ^19.0 || ^19.0.0-rc
  peerDependenciesMeta:
    "@types/react":
      optional: true
  checksum: 10c0/f55c4b06e895293aed4b44c9ef26fb24432539f5346fcd6519c7745800535b571058685314e83486a45bf61dc83887e24826490d3068acc317fb0a9010516e63
  languageName: node
  linkType: hard

"@radix-ui/react-use-effect-event@npm:0.0.2":
  version: 0.0.2
  resolution: "@radix-ui/react-use-effect-event@npm:0.0.2"
  dependencies:
    "@radix-ui/react-use-layout-effect": "npm:1.1.1"
  peerDependencies:
    "@types/react": "*"
    react: ^16.8 || ^17.0 || ^18.0 || ^19.0 || ^19.0.0-rc
  peerDependenciesMeta:
    "@types/react":
      optional: true
  checksum: 10c0/e84ff72a3e76c5ae9c94941028bb4b6472f17d4104481b9eab773deab3da640ecea035e54da9d6f4df8d84c18ef6913baf92b7511bee06930dc58bd0c0add417
  languageName: node
  linkType: hard

"@radix-ui/react-use-layout-effect@npm:1.1.1":
  version: 1.1.1
  resolution: "@radix-ui/react-use-layout-effect@npm:1.1.1"
  peerDependencies:
    "@types/react": "*"
    react: ^16.8 || ^17.0 || ^18.0 || ^19.0 || ^19.0.0-rc
  peerDependenciesMeta:
    "@types/react":
      optional: true
  checksum: 10c0/9f98fdaba008dfc58050de60a77670b885792df473cf82c1cef8daee919a5dd5a77d270209f5f0b0abfaac78cb1627396e3ff56c81b735be550409426fe8b040
  languageName: node
  linkType: hard

"@standard-schema/spec@npm:^1.0.0":
  version: 1.1.0
  resolution: "@standard-schema/spec@npm:1.1.0"
  checksum: 10c0/d90f55acde4b2deb983529c87e8025fa693de1a5e8b49ecc6eb84d1fd96328add0e03d7d551442156c7432fd78165b2c26ff561b970a9a881f046abb78d6a526
  languageName: node
  linkType: hard

"@types/d3-array@npm:3.0.3":
  version: 3.0.3
  resolution: "@types/d3-array@npm:3.0.3"
  checksum: 10c0/4dddae293e6e16764f8e465539548454b202a0f325f7d1cd0777690c4598bd593b1fb952501421d771204988b1a10393cf062775d2fc23851b0dec96c92eb3a4
  languageName: node
  linkType: hard

"@types/d3-color@npm:*":
  version: 3.1.3
  resolution: "@types/d3-color@npm:3.1.3"
  checksum: 10c0/65eb0487de606eb5ad81735a9a5b3142d30bc5ea801ed9b14b77cb14c9b909f718c059f13af341264ee189acf171508053342142bdf99338667cea26a2d8d6ae
  languageName: node
  linkType: hard

"@types/d3-color@npm:3.1.0":
  version: 3.1.0
  resolution: "@types/d3-color@npm:3.1.0"
  checksum: 10c0/5b4be21b4b025da9ffd0cef876fb7d82f99116fa26e7ee3449771faf0a953d160246b1ceb2a9bbc7d131e32ab60d7d19013131d098616369a56f9880f25f20ef
  languageName: node
  linkType: hard

"@types/d3-delaunay@npm:6.0.1":
  version: 6.0.1
  resolution: "@types/d3-delaunay@npm:6.0.1"
  checksum: 10c0/b03f84560a98e0d08b96095759484de6ebccc4fc137a9114795ece15898ccb67c5b0897ffe1e939658224fe387dd58090b951a2c3ff31c70ec9fe2dddc0df1f9
  languageName: node
  linkType: hard

"@types/d3-format@npm:3.0.1":
  version: 3.0.1
  resolution: "@types/d3-format@npm:3.0.1"
  checksum: 10c0/abfb57288fb26899bac98aeb03d652ed73d7074c12c96bb33d2d67ced9869f52f4b3e37579df883fc69a13d970199331a07e67a8bcd9f858efeb4f3a71e36188
  languageName: node
  linkType: hard

"@types/d3-geo@npm:3.1.0":
  version: 3.1.0
  resolution: "@types/d3-geo@npm:3.1.0"
  dependencies:
    "@types/geojson": "npm:*"
  checksum: 10c0/3745a93439038bb5b0b38facf435f7079812921d46406f5d38deaee59e90084ff742443c7ea0a8446df81a0d81eaf622fe7068cf4117a544bd4aa3b2dc182f88
  languageName: node
  linkType: hard

"@types/d3-interpolate@npm:3.0.1":
  version: 3.0.1
  resolution: "@types/d3-interpolate@npm:3.0.1"
  dependencies:
    "@types/d3-color": "npm:*"
  checksum: 10c0/1c7577045a4a30dc177bca10980c456a28c9b89b1a5406fe7303824dd9cc898f67f8dafd8e22a7702ca5df12a28a5f48f77d92a9b5d8f1fc0939f33831067114
  languageName: node
  linkType: hard

"@types/d3-path@npm:*, @types/d3-path@npm:3.1.1":
  version: 3.1.1
  resolution: "@types/d3-path@npm:3.1.1"
  checksum: 10c0/2c36eb31ebaf2ce4712e793fd88087117976f7c4ed69cc2431825f999c8c77cca5cea286f3326432b770739ac6ccd5d04d851eb65e7a4dbcc10c982b49ad2c02
  languageName: node
  linkType: hard

"@types/d3-scale@npm:4.0.2":
  version: 4.0.2
  resolution: "@types/d3-scale@npm:4.0.2"
  dependencies:
    "@types/d3-time": "npm:*"
  checksum: 10c0/2c21be0a715f104bbc3cbfe648a7a1f0b1ccfb0ec93aad5df0ba1a342dced0bfa19761f5378a8790e9073bd001df176b814390c555984ce0917744d40e8efd3d
  languageName: node
  linkType: hard

"@types/d3-shape@npm:3.1.7":
  version: 3.1.7
  resolution: "@types/d3-shape@npm:3.1.7"
  dependencies:
    "@types/d3-path": "npm:*"
  checksum: 10c0/38e59771c1c4c83b67aa1f941ce350410522a149d2175832fdc06396b2bb3b2c1a2dd549e0f8230f9f24296ee5641a515eaf10f55ee1ef6c4f83749e2dd7dcfd
  languageName: node
  linkType: hard

"@types/d3-time-format@npm:2.1.0":
  version: 2.1.0
  resolution: "@types/d3-time-format@npm:2.1.0"
  checksum: 10c0/46d8c0ce20cfa020e75f5a1a246238b62e5875d15f12419a1e7c3e894139c9aa00d7f45ca31d0776f1163fe75a546cbfdabee65c7ddb9f2571161b3726ad8625
  languageName: node
  linkType: hard

"@types/d3-time@npm:*":
  version: 3.0.4
  resolution: "@types/d3-time@npm:3.0.4"
  checksum: 10c0/6d9e2255d63f7a313a543113920c612e957d70da4fb0890931da6c2459010291b8b1f95e149a538500c1c99e7e6c89ffcce5554dd29a31ff134a38ea94b6d174
  languageName: node
  linkType: hard

"@types/d3-time@npm:3.0.0":
  version: 3.0.0
  resolution: "@types/d3-time@npm:3.0.0"
  checksum: 10c0/4f900608d5c557b09b38e4b096723af5eb4508a1b32f9afae253fe77a4bcbbe821a14225bab1c2ea36ddbc5c4154ab3563452c6b6eba7a9f48cefad94276e6b5
  languageName: node
  linkType: hard

"@types/geojson@npm:*":
  version: 7946.0.16
  resolution: "@types/geojson@npm:7946.0.16"
  checksum: 10c0/1ff24a288bd5860b766b073ead337d31d73bdc715e5b50a2cee5cb0af57a1ed02cc04ef295f5fa68dc40fe3e4f104dd31282b2b818a5ba3231bc1001ba084e3c
  languageName: node
  linkType: hard

"@types/lodash@npm:^4.17.13":
  version: 4.17.24
  resolution: "@types/lodash@npm:4.17.24"
  checksum: 10c0/b72f60d4daacdad1fa643edb3faba204c02a01eb1ac00a83ff73496a6d236fc55e459c06106e8ced42277dba932d087d8fc090f8de4ef590d3f91e6d6f7ce85a
  languageName: node
  linkType: hard

"@types/react-dom@npm:19.2.7":
  version: 19.2.7
  resolution: "@types/react-dom@npm:19.2.7"
  peerDependencies:
    "@types/react": ^19.2.0
  checksum: 10c0/226ab7e2b62114125e2276b3dcc3a25060177a673f8abadb7e31f395003de72ad68075c6edc5f51b02dd1e47443920ee030239c474c47fad075ded7410836909
  languageName: node
  linkType: hard

"@types/react@npm:*":
  version: 19.2.17
  resolution: "@types/react@npm:19.2.17"
  dependencies:
    csstype: "npm:^3.2.2"
  checksum: 10c0/bc2c4af96b3e480604424de70d5ebda90c5f4b485df471858c0bc2d7d70364b606ec3c4d8579f94f01aa0c6c0591f56bcf14cba5689f5eea4b74250ccdc3a232
  languageName: node
  linkType: hard

"@types/react@npm:19.2.18":
  version: 19.2.18
  resolution: "@types/react@npm:19.2.18"
  dependencies:
    csstype: "npm:^3.2.2"
  checksum: 10c0/d04216172b4b4362b310017c210dfbe019fb4f4e7dffd0313e70b3acb3051d5c3e76e7e84e3cf4c6a3c824993ffadfe3949e589a6398a09d4200e7670e2962de
  languageName: node
  linkType: hard

"@visx/curve@npm:4.0.1-alpha.0":
  version: 4.0.1-alpha.0
  resolution: "@visx/curve@npm:4.0.1-alpha.0"
  dependencies:
    "@visx/vendor": "npm:4.0.0-alpha.0"
  checksum: 10c0/3e85eee62099d4c1be0a22b56373aa37b72f5a85934dbeb01625b54c9e770c97b4da49ee94233a68db39308d3ea24844911e0c9a8c1f8750b3769ff72ebe3fcf
  languageName: node
  linkType: hard

"@visx/event@npm:4.0.1-alpha.0":
  version: 4.0.1-alpha.0
  resolution: "@visx/event@npm:4.0.1-alpha.0"
  dependencies:
    "@types/react": "npm:*"
    "@visx/point": "npm:4.0.1-alpha.0"
  checksum: 10c0/f61c9836b32426990a523d23020cf8d56d9ad6073b63ecd5d1db12cc0b9403bfd9cb9d446fddb480b2b4b742a63fda15be897cb2af647c90efd0a68fddc69950
  languageName: node
  linkType: hard

"@visx/grid@npm:4.0.1-alpha.0":
  version: 4.0.1-alpha.0
  resolution: "@visx/grid@npm:4.0.1-alpha.0"
  dependencies:
    "@types/react": "npm:*"
    "@visx/curve": "npm:4.0.1-alpha.0"
    "@visx/group": "npm:4.0.1-alpha.0"
    "@visx/point": "npm:4.0.1-alpha.0"
    "@visx/scale": "npm:4.0.1-alpha.0"
    "@visx/shape": "npm:4.0.1-alpha.0"
    classnames: "npm:^2.3.1"
  peerDependencies:
    react: ^16.14.0 || ^17.0.0-0 || ^18.0.0-0 || ^19.0.0-0
  checksum: 10c0/725a088a217d657a97e0daf40f855b2380f157d92a17f5d472100e10d93002e09486f115fb77d7700c46cea79f82a6230b20822b28156e280f01d5f506a09bbf
  languageName: node
  linkType: hard

"@visx/group@npm:4.0.1-alpha.0":
  version: 4.0.1-alpha.0
  resolution: "@visx/group@npm:4.0.1-alpha.0"
  dependencies:
    "@types/react": "npm:*"
    classnames: "npm:^2.3.1"
  peerDependencies:
    react: ^16.14.0 || ^17.0.0-0 || ^18.0.0-0 || ^19.0.0-0
  checksum: 10c0/1391f1d953cedfc1868331d628ccbec3088e53de7d8ff788773f3248a21f6ff1c63246895ba6460b5175d35d774eee10529da575c8a7862d05cd7c8a613f3d17
  languageName: node
  linkType: hard

"@visx/point@npm:4.0.1-alpha.0":
  version: 4.0.1-alpha.0
  resolution: "@visx/point@npm:4.0.1-alpha.0"
  checksum: 10c0/367d66d1bc6309234565d07dec3e81ec44d7a0c62b0115fe23644043b4f2d48a984614fcb31549db466dab1952e5c0c5709a6e02030fdfb7d44e2ea1fb772b5b
  languageName: node
  linkType: hard

"@visx/responsive@npm:4.0.1-alpha.0":
  version: 4.0.1-alpha.0
  resolution: "@visx/responsive@npm:4.0.1-alpha.0"
  dependencies:
    "@types/lodash": "npm:^4.17.13"
    "@types/react": "npm:*"
    lodash: "npm:^4.17.21"
  peerDependencies:
    react: ^16.14.0 || ^17.0.0-0 || ^18.0.0-0 || ^19.0.0-0
  checksum: 10c0/36c95f7c7c924a1617f9252fd2e8b817f0d3470b6693670d5fe083d98180809d0b720d8c4a66b1a1f0b6411d60a7db9f22adcac462ed6deff240fd0332740705
  languageName: node
  linkType: hard

"@visx/scale@npm:4.0.1-alpha.0":
  version: 4.0.1-alpha.0
  resolution: "@visx/scale@npm:4.0.1-alpha.0"
  dependencies:
    "@visx/vendor": "npm:4.0.0-alpha.0"
  checksum: 10c0/ec12ec1a3756cf58a67be9d34e896aa71e2cd24ee6b15bca71e2accb1614a28138501ff9f48d0f8cf59901f29cfd9a5b90200da6fc833abf53154ba1e7478ab9
  languageName: node
  linkType: hard

"@visx/shape@npm:4.0.1-alpha.0":
  version: 4.0.1-alpha.0
  resolution: "@visx/shape@npm:4.0.1-alpha.0"
  dependencies:
    "@types/lodash": "npm:^4.17.13"
    "@types/react": "npm:*"
    "@visx/curve": "npm:4.0.1-alpha.0"
    "@visx/group": "npm:4.0.1-alpha.0"
    "@visx/scale": "npm:4.0.1-alpha.0"
    "@visx/vendor": "npm:4.0.0-alpha.0"
    classnames: "npm:^2.3.1"
    lodash: "npm:^4.17.21"
  peerDependencies:
    react: ^16.14.0 || ^17.0.0-0 || ^18.0.0-0 || ^19.0.0-0
  checksum: 10c0/1463ae829cb760ea1dcc085ada31a9c81d3d029dfcd00230a04cd277a8c066c6a10bcadb556e376390cc7b47352a8cf1569a9f80cade9e833f70d9d51c836971
  languageName: node
  linkType: hard

"@visx/vendor@npm:4.0.0-alpha.0":
  version: 4.0.0-alpha.0
  resolution: "@visx/vendor@npm:4.0.0-alpha.0"
  dependencies:
    "@types/d3-array": "npm:3.0.3"
    "@types/d3-color": "npm:3.1.0"
    "@types/d3-delaunay": "npm:6.0.1"
    "@types/d3-format": "npm:3.0.1"
    "@types/d3-geo": "npm:3.1.0"
    "@types/d3-interpolate": "npm:3.0.1"
    "@types/d3-path": "npm:3.1.1"
    "@types/d3-scale": "npm:4.0.2"
    "@types/d3-shape": "npm:3.1.7"
    "@types/d3-time": "npm:3.0.0"
    "@types/d3-time-format": "npm:2.1.0"
    d3-array: "npm:3.2.1"
    d3-color: "npm:3.1.0"
    d3-delaunay: "npm:6.0.2"
    d3-format: "npm:3.1.0"
    d3-geo: "npm:3.1.0"
    d3-interpolate: "npm:3.0.1"
    d3-path: "npm:3.1.0"
    d3-scale: "npm:4.0.2"
    d3-shape: "npm:3.2.0"
    d3-time: "npm:3.1.0"
    d3-time-format: "npm:4.1.0"
    internmap: "npm:2.0.3"
  checksum: 10c0/29e6b71a9f7437a7fceec70b07f255ccb1c477e7a5d2810b9006d92c76a6a200a4f481349f2a29f23227f53af2f608dd7e270a3874d9b8c423b6420d3acf0bc2
  languageName: node
  linkType: hard

"airbroke-migrations-runtime@workspace:.":
  version: 0.0.0-use.local
  resolution: "airbroke-migrations-runtime@workspace:."
  dependencies:
    prisma: "npm:7.10.0"
  languageName: unknown
  linkType: soft

"ajv@npm:^8.12.0":
  version: 8.18.0
  resolution: "ajv@npm:8.18.0"
  dependencies:
    fast-deep-equal: "npm:^3.1.3"
    fast-uri: "npm:^3.0.1"
    json-schema-traverse: "npm:^1.0.0"
    require-from-string: "npm:^2.0.2"
  checksum: 10c0/e7517c426173513a07391be951879932bdf3348feaebd2199f5b901c20f99d60db8cd1591502d4d551dc82f594e82a05c4fe1c70139b15b8937f7afeaed9532f
  languageName: node
  linkType: hard

"aws-ssl-profiles@npm:^1.1.1":
  version: 1.1.2
  resolution: "aws-ssl-profiles@npm:1.1.2"
  checksum: 10c0/e5f59a4146fe3b88ad2a84f814886c788557b80b744c8cbcb1cbf8cf5ba19cc006a7a12e88819adc614ecda9233993f8f1d1f3b612cbc2f297196df9e8f4f66e
  languageName: node
  linkType: hard

"better-result@npm:^2.7.0":
  version: 2.8.2
  resolution: "better-result@npm:2.8.2"
  checksum: 10c0/071ab92e1138d54177e85668ab1a9fc0a9ee8da98fb85057a3f9a41d7619d9f5619752e7ef352f80f6d50cc36360b92859e5b2e8fcc45f252414b9275d6e72ba
  languageName: node
  linkType: hard

"c12@npm:3.3.4":
  version: 3.3.4
  resolution: "c12@npm:3.3.4"
  dependencies:
    chokidar: "npm:^5.0.0"
    confbox: "npm:^0.2.4"
    defu: "npm:^6.1.6"
    dotenv: "npm:^17.3.1"
    exsolve: "npm:^1.0.8"
    giget: "npm:^3.2.0"
    jiti: "npm:^2.6.1"
    ohash: "npm:^2.0.11"
    pathe: "npm:^2.0.3"
    perfect-debounce: "npm:^2.1.0"
    pkg-types: "npm:^2.3.0"
    rc9: "npm:^3.0.1"
  peerDependencies:
    magicast: "*"
  peerDependenciesMeta:
    magicast:
      optional: true
  checksum: 10c0/d305df0c6e219464b3460fdd3443e62590e7d0d2f331e450a44f29e31e7120a0c7a6a76b6212bc0cf9f41058e3545c4fd04b0f1c6ea8d549678ea6479d94d8ad
  languageName: node
  linkType: hard

"chokidar@npm:^5.0.0":
  version: 5.0.0
  resolution: "chokidar@npm:5.0.0"
  dependencies:
    readdirp: "npm:^5.0.0"
  checksum: 10c0/42fc907cb2a7ff5c9e220f84dae75380a77997f851c2a5e7865a2cf9ae45dd407a23557208cdcdbf3ac8c93341135a1748e4c48c31855f3bfa095e5159b6bdec
  languageName: node
  linkType: hard

"classnames@npm:^2.3.1":
  version: 2.5.1
  resolution: "classnames@npm:2.5.1"
  checksum: 10c0/afff4f77e62cea2d79c39962980bf316bacb0d7c49e13a21adaadb9221e1c6b9d3cdb829d8bb1b23c406f4e740507f37e1dcf506f7e3b7113d17c5bab787aa69
  languageName: node
  linkType: hard

"confbox@npm:^0.2.2, confbox@npm:^0.2.4":
  version: 0.2.4
  resolution: "confbox@npm:0.2.4"
  checksum: 10c0/4c36af33d9df7034300c452f7b289179264493bd0671fa81b995a0d70dc897b1d37f1af10d3ffb187f178d17ba1ed2ba167ed0f599ba3a139c271205dd553f73
  languageName: node
  linkType: hard

"cross-spawn@npm:^7.0.6":
  version: 7.0.6
  resolution: "cross-spawn@npm:7.0.6"
  dependencies:
    path-key: "npm:^3.1.0"
    shebang-command: "npm:^2.0.0"
    which: "npm:^2.0.1"
  checksum: 10c0/053ea8b2135caff68a9e81470e845613e374e7309a47731e81639de3eaeb90c3d01af0e0b44d2ab9d50b43467223b88567dfeb3262db942dc063b9976718ffc1
  languageName: node
  linkType: hard

"csstype@npm:^3.2.2":
  version: 3.2.3
  resolution: "csstype@npm:3.2.3"
  checksum: 10c0/cd29c51e70fa822f1cecd8641a1445bed7063697469d35633b516e60fe8c1bde04b08f6c5b6022136bb669b64c63d4173af54864510fbb4ee23281801841a3ce
  languageName: node
  linkType: hard

"d3-array@npm:2 - 3, d3-array@npm:2.10.0 - 3, d3-array@npm:2.5.0 - 3, d3-array@npm:3.2.4":
  version: 3.2.4
  resolution: "d3-array@npm:3.2.4"
  dependencies:
    internmap: "npm:1 - 2"
  checksum: 10c0/08b95e91130f98c1375db0e0af718f4371ccacef7d5d257727fe74f79a24383e79aba280b9ffae655483ffbbad4fd1dec4ade0119d88c4749f388641c8bf8c50
  languageName: node
  linkType: hard

"d3-array@npm:3.2.1":
  version: 3.2.1
  resolution: "d3-array@npm:3.2.1"
  dependencies:
    internmap: "npm:1 - 2"
  checksum: 10c0/91c6d739c7762ffcd31177b3fffc7aac75921fa9924e713a7048a0153fd95aae19b4dc5b3f72dd5a0ddafac245d66c0adec8c43cb166d5c19d3f61d92a53f733
  languageName: node
  linkType: hard

"d3-color@npm:1 - 3, d3-color@npm:3.1.0":
  version: 3.1.0
  resolution: "d3-color@npm:3.1.0"
  checksum: 10c0/a4e20e1115fa696fce041fbe13fbc80dc4c19150fa72027a7c128ade980bc0eeeba4bcf28c9e21f0bce0e0dbfe7ca5869ef67746541dcfda053e4802ad19783c
  languageName: node
  linkType: hard

"d3-delaunay@npm:6.0.2":
  version: 6.0.2
  resolution: "d3-delaunay@npm:6.0.2"
  dependencies:
    delaunator: "npm:5"
  checksum: 10c0/57d21902577a63fd9ab732f082e4e45f13f41f01cea8148ef24e7cd9414644f42cd3e0194d7acd8c0209707feb7aaf74688bd2a007f34a4c7b0fd5e877493b79
  languageName: node
  linkType: hard

"d3-format@npm:1 - 3":
  version: 3.1.2
  resolution: "d3-format@npm:3.1.2"
  checksum: 10c0/0de452ae07585238e7f01607a7e0066665c34609652188b6ac7dc9f424f69465a425e07d16d79bd0e5955202ac7f241c66d0c76f68a79fc6f4857c94cf420652
  languageName: node
  linkType: hard

"d3-format@npm:3.1.0":
  version: 3.1.0
  resolution: "d3-format@npm:3.1.0"
  checksum: 10c0/049f5c0871ebce9859fc5e2f07f336b3c5bfff52a2540e0bac7e703fce567cd9346f4ad1079dd18d6f1e0eaa0599941c1810898926f10ac21a31fd0a34b4aa75
  languageName: node
  linkType: hard

"d3-geo@npm:3.1.0":
  version: 3.1.0
  resolution: "d3-geo@npm:3.1.0"
  dependencies:
    d3-array: "npm:2.5.0 - 3"
  checksum: 10c0/5b0a26d232787ca9e824a660827c28626a51004328dde7c76a1bd300d3cad8c7eeb55fea64c8cd6495d5a34fea434fb1418d59926a6cb24e6fb6e2b6f62c6bd9
  languageName: node
  linkType: hard

"d3-interpolate@npm:1.2.0 - 3, d3-interpolate@npm:3.0.1":
  version: 3.0.1
  resolution: "d3-interpolate@npm:3.0.1"
  dependencies:
    d3-color: "npm:1 - 3"
  checksum: 10c0/19f4b4daa8d733906671afff7767c19488f51a43d251f8b7f484d5d3cfc36c663f0a66c38fe91eee30f40327443d799be17169f55a293a3ba949e84e57a33e6a
  languageName: node
  linkType: hard

"d3-path@npm:3.1.0, d3-path@npm:^3.1.0":
  version: 3.1.0
  resolution: "d3-path@npm:3.1.0"
  checksum: 10c0/dc1d58ec87fa8319bd240cf7689995111a124b141428354e9637aa83059eb12e681f77187e0ada5dedfce346f7e3d1f903467ceb41b379bfd01cd8e31721f5da
  languageName: node
  linkType: hard

"d3-scale@npm:4.0.2":
  version: 4.0.2
  resolution: "d3-scale@npm:4.0.2"
  dependencies:
    d3-array: "npm:2.10.0 - 3"
    d3-format: "npm:1 - 3"
    d3-interpolate: "npm:1.2.0 - 3"
    d3-time: "npm:2.1.1 - 3"
    d3-time-format: "npm:2 - 4"
  checksum: 10c0/65d9ad8c2641aec30ed5673a7410feb187a224d6ca8d1a520d68a7d6eac9d04caedbff4713d1e8545be33eb7fec5739983a7ab1d22d4e5ad35368c6729d362f1
  languageName: node
  linkType: hard

"d3-shape@npm:3.2.0":
  version: 3.2.0
  resolution: "d3-shape@npm:3.2.0"
  dependencies:
    d3-path: "npm:^3.1.0"
  checksum: 10c0/f1c9d1f09926daaf6f6193ae3b4c4b5521e81da7d8902d24b38694517c7f527ce3c9a77a9d3a5722ad1e3ff355860b014557b450023d66a944eabf8cfde37132
  languageName: node
  linkType: hard

"d3-time-format@npm:2 - 4, d3-time-format@npm:4.1.0":
  version: 4.1.0
  resolution: "d3-time-format@npm:4.1.0"
  dependencies:
    d3-time: "npm:1 - 3"
  checksum: 10c0/735e00fb25a7fd5d418fac350018713ae394eefddb0d745fab12bbff0517f9cdb5f807c7bbe87bb6eeb06249662f8ea84fec075f7d0cd68609735b2ceb29d206
  languageName: node
  linkType: hard

"d3-time@npm:1 - 3, d3-time@npm:2.1.1 - 3, d3-time@npm:3.1.0":
  version: 3.1.0
  resolution: "d3-time@npm:3.1.0"
  dependencies:
    d3-array: "npm:2 - 3"
  checksum: 10c0/a984f77e1aaeaa182679b46fbf57eceb6ebdb5f67d7578d6f68ef933f8eeb63737c0949991618a8d29472dbf43736c7d7f17c452b2770f8c1271191cba724ca1
  languageName: node
  linkType: hard

"deepmerge-ts@npm:7.1.5":
  version: 7.1.5
  resolution: "deepmerge-ts@npm:7.1.5"
  checksum: 10c0/3a265a2086f334e3ecf43a7d4138c950cb99e0b39e816fa7fd7f5326161364e51b13010906908212667619066f5b48de738ed42543212323fbbb5d4ed7ebdc84
  languageName: node
  linkType: hard

"defu@npm:^6.1.6":
  version: 6.1.7
  resolution: "defu@npm:6.1.7"
  checksum: 10c0/e6635388103c8be3c574ac31302f6930e5e6eeedba32cb1b30cf993c7d9fb571aec2485446dfa23bfa63e55e66156fe109027a9695db82a50f931e91e8d4bedb
  languageName: node
  linkType: hard

"delaunator@npm:5":
  version: 5.1.0
  resolution: "delaunator@npm:5.1.0"
  dependencies:
    robust-predicates: "npm:^3.0.2"
  checksum: 10c0/6489e3598212ab8759575e30f3ac26063471846e25c779048f441f2ccefd25efb9a52275e7e8e3dcc5bf5bc5c35169cf1de27f985d359fd5a24057be88fd1817
  languageName: node
  linkType: hard

"denque@npm:^2.1.0":
  version: 2.1.0
  resolution: "denque@npm:2.1.0"
  checksum: 10c0/f9ef81aa0af9c6c614a727cb3bd13c5d7db2af1abf9e6352045b86e85873e629690f6222f4edd49d10e4ccf8f078bbeec0794fafaf61b659c0589d0c511ec363
  languageName: node
  linkType: hard

"destr@npm:^2.0.5":
  version: 2.0.5
  resolution: "destr@npm:2.0.5"
  checksum: 10c0/efabffe7312a45ad90d79975376be958c50069f1156b94c181199763a7f971e113bd92227c26b94a169c71ca7dbc13583b7e96e5164743969fc79e1ff153e646
  languageName: node
  linkType: hard

"dotenv@npm:^17.3.1":
  version: 17.4.2
  resolution: "dotenv@npm:17.4.2"
  checksum: 10c0/164f8e77a646c8446867d5b588d26ea6005c8ea7c5eb41cf926f6113d23f2191355f6e0cfd95ea9bab98394a5b0a3f1e51a8399711b666fe55cc7b0bd745f942
  languageName: node
  linkType: hard

"effect@npm:3.20.0":
  version: 3.20.0
  resolution: "effect@npm:3.20.0"
  dependencies:
    "@standard-schema/spec": "npm:^1.0.0"
    fast-check: "npm:^3.23.1"
  checksum: 10c0/7dedae57f8eab18ae4d08a0b993ad8551c15aef4f0f5d7728bc00aba8664d9d01eab6dd1e8e544ecfec8bc0dcfe472e80a7e581c4ac80258c316445536446e3d
  languageName: node
  linkType: hard

"elkjs@npm:0.11.1":
  version: 0.11.1
  resolution: "elkjs@npm:0.11.1"
  checksum: 10c0/e2216a7439c9dc65413e5f8d9e46bf829c32dacbfd869585bae8f8775b3cd5802d0ac9ccf0f45ad14decfa622244a092533263cc3a596e6d82e8247bf6bf84d7
  languageName: node
  linkType: hard

"empathic@npm:2.0.0":
  version: 2.0.0
  resolution: "empathic@npm:2.0.0"
  checksum: 10c0/7d3b14b04a93b35c47bcc950467ec914fd241cd9acc0269b0ea160f13026ec110f520c90fae64720fde72cc1757b57f3f292fb606617b7fccac1f4d008a76506
  languageName: node
  linkType: hard

"env-paths@npm:^3.0.0":
  version: 3.0.0
  resolution: "env-paths@npm:3.0.0"
  checksum: 10c0/76dec878cee47f841103bacd7fae03283af16f0702dad65102ef0a556f310b98a377885e0f32943831eb08b5ab37842a323d02529f3dfd5d0a40ca71b01b435f
  languageName: node
  linkType: hard

"exsolve@npm:^1.0.7, exsolve@npm:^1.0.8":
  version: 1.0.8
  resolution: "exsolve@npm:1.0.8"
  checksum: 10c0/65e44ae05bd4a4a5d87cfdbbd6b8f24389282cf9f85fa5feb17ca87ad3f354877e6af4cd99e02fc29044174891f82d1d68c77f69234410eb8f163530e6278c67
  languageName: node
  linkType: hard

"fast-check@npm:^3.23.1":
  version: 3.23.2
  resolution: "fast-check@npm:3.23.2"
  dependencies:
    pure-rand: "npm:^6.1.0"
  checksum: 10c0/16fcff3c80321ee765e23c3aebd0f6427f175c9c6c1753104ec658970162365dc2d56bda046d815e8f2e90634c07ba7d6f0bcfd327fbd576d98c56a18a9765ed
  languageName: node
  linkType: hard

"fast-decode-uri-component@npm:^1.0.1":
  version: 1.0.1
  resolution: "fast-decode-uri-component@npm:1.0.1"
  checksum: 10c0/039d50c2e99d64f999c3f2126c23fbf75a04a4117e218a149ca0b1d2aeb8c834b7b19d643b9d35d4eabce357189a6a94085f78cf48869e6e26cc59b036284bc3
  languageName: node
  linkType: hard

"fast-deep-equal@npm:^3.1.3":
  version: 3.1.3
  resolution: "fast-deep-equal@npm:3.1.3"
  checksum: 10c0/40dedc862eb8992c54579c66d914635afbec43350afbbe991235fdcb4e3a8d5af1b23ae7e79bef7d4882d0ecee06c3197488026998fb19f72dc95acff1d1b1d0
  languageName: node
  linkType: hard

"fast-querystring@npm:^1.0.0":
  version: 1.1.2
  resolution: "fast-querystring@npm:1.1.2"
  dependencies:
    fast-decode-uri-component: "npm:^1.0.1"
  checksum: 10c0/e8223273a9b199722f760f5a047a77ad049a14bd444b821502cb8218f5925e3a5fffb56b64389bca73ab2ac6f1aa7aebbe4e203e5f6e53ff5978de97c0fde4e3
  languageName: node
  linkType: hard

"fast-uri@npm:^3.0.1":
  version: 3.1.0
  resolution: "fast-uri@npm:3.1.0"
  checksum: 10c0/44364adca566f70f40d1e9b772c923138d47efeac2ae9732a872baafd77061f26b097ba2f68f0892885ad177becd065520412b8ffeec34b16c99433c5b9e2de7
  languageName: node
  linkType: hard

"find-my-way@npm:9.7.0":
  version: 9.7.0
  resolution: "find-my-way@npm:9.7.0"
  dependencies:
    fast-deep-equal: "npm:^3.1.3"
    fast-querystring: "npm:^1.0.0"
    safe-regex2: "npm:^5.0.0"
  checksum: 10c0/0c7c15397075fe916ea11bb42e3464aec9025dfec01aef515e2fc70c362e662c4a8626e27cebe263fe5c31cfed7ce792a2a6b411b73dac996d0c2b2202af4a88
  languageName: node
  linkType: hard

"foreground-child@npm:3.3.1":
  version: 3.3.1
  resolution: "foreground-child@npm:3.3.1"
  dependencies:
    cross-spawn: "npm:^7.0.6"
    signal-exit: "npm:^4.0.1"
  checksum: 10c0/8986e4af2430896e65bc2788d6679067294d6aee9545daefc84923a0a4b399ad9c7a3ea7bd8c0b2b80fdf4a92de4c69df3f628233ff3224260e9c1541a9e9ed3
  languageName: node
  linkType: hard

"generate-function@npm:^2.3.1":
  version: 2.3.1
  resolution: "generate-function@npm:2.3.1"
  dependencies:
    is-property: "npm:^1.0.2"
  checksum: 10c0/4645cf1da90375e46a6f1dc51abc9933e5eafa4cd1a44c2f7e3909a30a4e9a1a08c14cd7d5b32da039da2dba2a085e1ed4597b580c196c3245b2d35d8bc0de5d
  languageName: node
  linkType: hard

"get-port-please@npm:3.2.0":
  version: 3.2.0
  resolution: "get-port-please@npm:3.2.0"
  checksum: 10c0/7e48443110b463e76ef47efc381c9f16d78798f9ea9f6d928dad2b5cee53a199cf64e6e2f22603e5f8a1f742e3d4a144cd367f6ef82ac48759bfd2beb48ee9e5
  languageName: node
  linkType: hard

"giget@npm:^3.2.0":
  version: 3.2.0
  resolution: "giget@npm:3.2.0"
  bin:
    giget: dist/cli.mjs
  checksum: 10c0/c3d670435e9247e658ab34201f7a944281bdf001d1e10fbb16016926735e8c57f38273a6ef0703feb63551a9628baa8ffa76edbc216118f33abdd42174b0e714
  languageName: node
  linkType: hard

"graceful-fs@npm:^4.2.4":
  version: 4.2.11
  resolution: "graceful-fs@npm:4.2.11"
  checksum: 10c0/386d011a553e02bc594ac2ca0bd6d9e4c22d7fa8cfbfc448a6d148c59ea881b092db9dbe3547ae4b88e55f1b01f7c4a2ecc53b310c042793e63aa44cf6c257f2
  languageName: node
  linkType: hard

"grammex@npm:^3.1.11":
  version: 3.1.12
  resolution: "grammex@npm:3.1.12"
  checksum: 10c0/6c096ef84e1a6a0e4a50a6ba11b582b5d61d60b76830d38a5cee0383529ccdb2ac1b419695edb9877bf93717bb0ff71fba54e1e2a76bbfb61a2cca456164ef44
  languageName: node
  linkType: hard

"graphmatch@npm:^1.1.0":
  version: 1.1.1
  resolution: "graphmatch@npm:1.1.1"
  checksum: 10c0/98570352e8e62f5e18e397fb9a1ca90a31f18c46240529d5f9ee0020efa3642857337643ae731bd2667957821956dc315badc98243db284d7e5c76aedcf49b4d
  languageName: node
  linkType: hard

"iconv-lite@npm:^0.7.0":
  version: 0.7.2
  resolution: "iconv-lite@npm:0.7.2"
  dependencies:
    safer-buffer: "npm:>= 2.1.2 < 3.0.0"
  checksum: 10c0/3c228920f3bd307f56bf8363706a776f4a060eb042f131cd23855ceca962951b264d0997ab38a1ad340e1c5df8499ed26e1f4f0db6b2a2ad9befaff22f14b722
  languageName: node
  linkType: hard

"internmap@npm:1 - 2, internmap@npm:2.0.3":
  version: 2.0.3
  resolution: "internmap@npm:2.0.3"
  checksum: 10c0/8cedd57f07bbc22501516fbfc70447f0c6812871d471096fad9ea603516eacc2137b633633daf432c029712df0baefd793686388ddf5737e3ea15074b877f7ed
  languageName: node
  linkType: hard

"is-property@npm:^1.0.2":
  version: 1.0.2
  resolution: "is-property@npm:1.0.2"
  checksum: 10c0/33ab65a136e4ba3f74d4f7d9d2a013f1bd207082e11cedb160698e8d5394644e873c39668d112a402175ccbc58a087cef87198ed46829dbddb479115a0257283
  languageName: node
  linkType: hard

"isexe@npm:^2.0.0":
  version: 2.0.0
  resolution: "isexe@npm:2.0.0"
  checksum: 10c0/228cfa503fadc2c31596ab06ed6aa82c9976eec2bfd83397e7eaf06d0ccf42cd1dfd6743bf9aeb01aebd4156d009994c5f76ea898d2832c1fe342da923ca457d
  languageName: node
  linkType: hard

"jiti@npm:^2.6.1":
  version: 2.7.0
  resolution: "jiti@npm:2.7.0"
  bin:
    jiti: lib/jiti-cli.mjs
  checksum: 10c0/1b1e2310a490dce1aeea3da5f5dfe18273516c20ce48be2e98eb8ea452d5f3dcc8fd0cfd6d28b4052a24c5dbab6e3089b2d7e79f0bce7915b10d750929563c42
  languageName: node
  linkType: hard

"json-schema-traverse@npm:^1.0.0":
  version: 1.0.0
  resolution: "json-schema-traverse@npm:1.0.0"
  checksum: 10c0/71e30015d7f3d6dc1c316d6298047c8ef98a06d31ad064919976583eb61e1018a60a0067338f0f79cabc00d84af3fcc489bd48ce8a46ea165d9541ba17fb30c6
  languageName: node
  linkType: hard

"lodash@npm:^4.17.21":
  version: 4.18.1
  resolution: "lodash@npm:4.18.1"
  checksum: 10c0/757228fc68805c59789e82185135cf85f05d0b2d3d54631d680ca79ec21944ec8314d4533639a14b8bcfbd97a517e78960933041a5af17ecb693ec6eecb99a27
  languageName: node
  linkType: hard

"long@npm:^5.2.1":
  version: 5.3.2
  resolution: "long@npm:5.3.2"
  checksum: 10c0/7130fe1cbce2dca06734b35b70d380ca3f70271c7f8852c922a7c62c86c4e35f0c39290565eca7133c625908d40e126ac57c02b1b1a4636b9457d77e1e60b981
  languageName: node
  linkType: hard

"lru.min@npm:^1.0.0, lru.min@npm:^1.1.0":
  version: 1.1.4
  resolution: "lru.min@npm:1.1.4"
  checksum: 10c0/d9cce4d9988ced2b2dd199f47016adefda27e8405a7f63b86a54e574d254bb0099ff9e91846b0c20379348e7a03d6f4de8b8f8cdfd5265b36eb3ec07bcf72f96
  languageName: node
  linkType: hard

"mysql2@npm:3.15.3":
  version: 3.15.3
  resolution: "mysql2@npm:3.15.3"
  dependencies:
    aws-ssl-profiles: "npm:^1.1.1"
    denque: "npm:^2.1.0"
    generate-function: "npm:^2.3.1"
    iconv-lite: "npm:^0.7.0"
    long: "npm:^5.2.1"
    lru.min: "npm:^1.0.0"
    named-placeholders: "npm:^1.1.3"
    seq-queue: "npm:^0.0.5"
    sqlstring: "npm:^2.3.2"
  checksum: 10c0/e10c51eebb2b2783837b732f1f4edc9e0ea15d9c5d80167e739b1dc97a323c786f5b3261e229f586b2903c44abcc71422c473113dfb261fa6215efcbbb5fe6ef
  languageName: node
  linkType: hard

"named-placeholders@npm:^1.1.3":
  version: 1.1.6
  resolution: "named-placeholders@npm:1.1.6"
  dependencies:
    lru.min: "npm:^1.1.0"
  checksum: 10c0/65b7ffaf932a371602e4153808601e8f377d7fc85fa15b491ee821418e52ab4950155b840803a6eaf3d5b94d6e8aedc1bee723475541cb4713feb3544dca9336
  languageName: node
  linkType: hard

"ohash@npm:^2.0.11":
  version: 2.0.11
  resolution: "ohash@npm:2.0.11"
  checksum: 10c0/d07c8d79cc26da082c1a7c8d5b56c399dd4ed3b2bd069fcae6bae78c99a9bcc3ad813b1e1f49ca2f335292846d689c6141a762cf078727d2302a33d414e69c79
  languageName: node
  linkType: hard

"path-key@npm:^3.1.0":
  version: 3.1.1
  resolution: "path-key@npm:3.1.1"
  checksum: 10c0/748c43efd5a569c039d7a00a03b58eecd1d75f3999f5a28303d75f521288df4823bc057d8784eb72358b2895a05f29a070bc9f1f17d28226cc4e62494cc58c4c
  languageName: node
  linkType: hard

"pathe@npm:2.0.3, pathe@npm:^2.0.3":
  version: 2.0.3
  resolution: "pathe@npm:2.0.3"
  checksum: 10c0/c118dc5a8b5c4166011b2b70608762e260085180bb9e33e80a50dcdb1e78c010b1624f4280c492c92b05fc276715a4c357d1f9edc570f8f1b3d90b6839ebaca1
  languageName: node
  linkType: hard

"perfect-debounce@npm:^2.1.0":
  version: 2.1.0
  resolution: "perfect-debounce@npm:2.1.0"
  checksum: 10c0/c4f833816f249129cea996d60b1351b640cf06954ab4eecaca440234ef70f4aefe6483637049750f5b00e15a5036307ea77f831c9779d6ad878457680af49b6d
  languageName: node
  linkType: hard

"pkg-types@npm:^2.3.0":
  version: 2.3.0
  resolution: "pkg-types@npm:2.3.0"
  dependencies:
    confbox: "npm:^0.2.2"
    exsolve: "npm:^1.0.7"
    pathe: "npm:^2.0.3"
  checksum: 10c0/d2bbddc5b81bd4741e1529c08ef4c5f1542bbdcf63498b73b8e1d84cff71806d1b8b1577800549bb569cb7aa20056257677b979bff48c97967cba7e64f72ae12
  languageName: node
  linkType: hard

"postgres@npm:3.4.7":
  version: 3.4.7
  resolution: "postgres@npm:3.4.7"
  checksum: 10c0/b2e61b1064d38e7e1df8291f6d5a7e11f892a3240e00cf2b5e5542bf9abbfe97f3963164aeb56b42c1ab6b8aae3454c57f5bbc1791df0769375542740a7cde72
  languageName: node
  linkType: hard

"prisma@npm:7.10.0":
  version: 7.10.0
  resolution: "prisma@npm:7.10.0"
  dependencies:
    "@prisma/config": "npm:7.10.0"
    "@prisma/dev": "npm:0.24.17"
    "@prisma/engines": "npm:7.10.0"
    "@prisma/studio-core": "npm:0.33.0"
    mysql2: "npm:3.15.3"
    postgres: "npm:3.4.7"
  peerDependencies:
    better-sqlite3: ">=9.0.0"
    typescript: ">=5.4.0"
  peerDependenciesMeta:
    better-sqlite3:
      optional: true
    typescript:
      optional: true
  bin:
    prisma: build/index.js
  checksum: 10c0/f5afb38e95c33ff57e7a40c498e2b14cdb3fb9e7fbae4bacecf86d6b64d93185135639cadac1c35e9ca5b7aafbb98f2a7715aa951f66d5d0aac2faea488f3627
  languageName: node
  linkType: hard

"proper-lockfile@npm:4.1.2, proper-lockfile@npm:^4.1.2":
  version: 4.1.2
  resolution: "proper-lockfile@npm:4.1.2"
  dependencies:
    graceful-fs: "npm:^4.2.4"
    retry: "npm:^0.12.0"
    signal-exit: "npm:^3.0.2"
  checksum: 10c0/2f265dbad15897a43110a02dae55105c04d356ec4ed560723dcb9f0d34bc4fb2f13f79bb930e7561be10278e2314db5aca2527d5d3dcbbdee5e6b331d1571f6d
  languageName: node
  linkType: hard

"pure-rand@npm:^6.1.0":
  version: 6.1.0
  resolution: "pure-rand@npm:6.1.0"
  checksum: 10c0/1abe217897bf74dcb3a0c9aba3555fe975023147b48db540aa2faf507aee91c03bf54f6aef0eb2bf59cc259a16d06b28eca37f0dc426d94f4692aeff02fb0e65
  languageName: node
  linkType: hard

"rc9@npm:^3.0.1":
  version: 3.0.1
  resolution: "rc9@npm:3.0.1"
  dependencies:
    defu: "npm:^6.1.6"
    destr: "npm:^2.0.5"
  checksum: 10c0/f952f80a6008b1be8b89f06cfec83ecc948aceb4ec4fabc25144bc0fa88aa601beb838d86720ae2c623971c4643cfea272535d6df15e40055082a4b6e4a24277
  languageName: node
  linkType: hard

"react-dom@npm:19.2.8":
  version: 19.2.8
  resolution: "react-dom@npm:19.2.8"
  dependencies:
    scheduler: "npm:^0.27.0"
  peerDependencies:
    react: ^19.2.8
  checksum: 10c0/41ba2247b76f687fcfe5bbc99f514d6b851d8c8041c2f5ded36ed05bd7fdc5208cacbac9de51e3e6633e77f96f44cec9f0d4a5a55184dba4e00738f224439134
  languageName: node
  linkType: hard

"react@npm:19.2.8":
  version: 19.2.8
  resolution: "react@npm:19.2.8"
  checksum: 10c0/5f86bdb56426652fd6d989d30a6f2e603c057272c47c9ca3a3fbe190a3a39ee9ccce937d63cfc039717abed1b8891d6a499134bc35311acc07eafdacd86537cd
  languageName: node
  linkType: hard

"readdirp@npm:^5.0.0":
  version: 5.0.0
  resolution: "readdirp@npm:5.0.0"
  checksum: 10c0/faf1ec57cff2020f473128da3f8d2a57813cc3a08a36c38cae1c9af32c1579906cc50ba75578043b35bade77e945c098233665797cf9730ba3613a62d6e79219
  languageName: node
  linkType: hard

"remeda@npm:2.33.4":
  version: 2.33.4
  resolution: "remeda@npm:2.33.4"
  checksum: 10c0/6597e47e42a110347349003ae95f926d8e0a34345111e9f25042415964106c31efba519f44ddeb8abc1ef4fe3e4d4c72e3220424eb72366de6c51e42d7b7c331
  languageName: node
  linkType: hard

"require-from-string@npm:^2.0.2":
  version: 2.0.2
  resolution: "require-from-string@npm:2.0.2"
  checksum: 10c0/aaa267e0c5b022fc5fd4eef49d8285086b15f2a1c54b28240fdf03599cbd9c26049fee3eab894f2e1f6ca65e513b030a7c264201e3f005601e80c49fb2937ce2
  languageName: node
  linkType: hard

"ret@npm:~0.5.0":
  version: 0.5.0
  resolution: "ret@npm:0.5.0"
  checksum: 10c0/220868b194f87bf1998e32e409086eec6b39e860c052bf267f8ad4d0131706a9773d45fd3f91acfb1a7c928fce002b694ab86fdba90bc8d4b8df68fa8645c5cc
  languageName: node
  linkType: hard

"retry@npm:^0.12.0":
  version: 0.12.0
  resolution: "retry@npm:0.12.0"
  checksum: 10c0/59933e8501727ba13ad73ef4a04d5280b3717fd650408460c987392efe9d7be2040778ed8ebe933c5cbd63da3dcc37919c141ef8af0a54a6e4fca5a2af177bfe
  languageName: node
  linkType: hard

"robust-predicates@npm:^3.0.2":
  version: 3.0.3
  resolution: "robust-predicates@npm:3.0.3"
  checksum: 10c0/ae23a0318be809545f091a076818747848f144495491e24e6df5d767f2bad0a1501bbeac34e78b74681d1437ecff0585f593ebfe6c8d49a50e79c5053b962693
  languageName: node
  linkType: hard

"safe-regex2@npm:^5.0.0":
  version: 5.1.1
  resolution: "safe-regex2@npm:5.1.1"
  dependencies:
    ret: "npm:~0.5.0"
  bin:
    safe-regex2: bin/safe-regex2.js
  checksum: 10c0/65c59fb33de8e500fa1d7254cc7f9b6b8b932f925bcfc8d92273ec024c259052a2b3c975bbf5a9f9dd49cd3b0fa394fb56f36d6b10e394404056edfd1223fd17
  languageName: node
  linkType: hard

"safer-buffer@npm:>= 2.1.2 < 3.0.0":
  version: 2.1.2
  resolution: "safer-buffer@npm:2.1.2"
  checksum: 10c0/7e3c8b2e88a1841c9671094bbaeebd94448111dd90a81a1f606f3f67708a6ec57763b3b47f06da09fc6054193e0e6709e77325415dc8422b04497a8070fa02d4
  languageName: node
  linkType: hard

"scheduler@npm:^0.27.0":
  version: 0.27.0
  resolution: "scheduler@npm:0.27.0"
  checksum: 10c0/4f03048cb05a3c8fddc45813052251eca00688f413a3cee236d984a161da28db28ba71bd11e7a3dd02f7af84ab28d39fb311431d3b3772fed557945beb00c452
  languageName: node
  linkType: hard

"seq-queue@npm:^0.0.5":
  version: 0.0.5
  resolution: "seq-queue@npm:0.0.5"
  checksum: 10c0/ec870fc392f0e6e99ec0e551c3041c1a66144d1580efabae7358e572de127b0ad2f844c95a4861d2e6203f836adea4c8196345b37bed55331ead8f22d99ac84c
  languageName: node
  linkType: hard

"shebang-command@npm:^2.0.0":
  version: 2.0.0
  resolution: "shebang-command@npm:2.0.0"
  dependencies:
    shebang-regex: "npm:^3.0.0"
  checksum: 10c0/a41692e7d89a553ef21d324a5cceb5f686d1f3c040759c50aab69688634688c5c327f26f3ecf7001ebfd78c01f3c7c0a11a7c8bfd0a8bc9f6240d4f40b224e4e
  languageName: node
  linkType: hard

"shebang-regex@npm:^3.0.0":
  version: 3.0.0
  resolution: "shebang-regex@npm:3.0.0"
  checksum: 10c0/1dbed0726dd0e1152a92696c76c7f06084eb32a90f0528d11acd764043aacf76994b2fb30aa1291a21bd019d6699164d048286309a278855ee7bec06cf6fb690
  languageName: node
  linkType: hard

"signal-exit@npm:^3.0.2":
  version: 3.0.7
  resolution: "signal-exit@npm:3.0.7"
  checksum: 10c0/25d272fa73e146048565e08f3309d5b942c1979a6f4a58a8c59d5fa299728e9c2fcd1a759ec870863b1fd38653670240cd420dad2ad9330c71f36608a6a1c912
  languageName: node
  linkType: hard

"signal-exit@npm:^4.0.1":
  version: 4.1.0
  resolution: "signal-exit@npm:4.1.0"
  checksum: 10c0/41602dce540e46d599edba9d9860193398d135f7ff72cab629db5171516cfae628d21e7bfccde1bbfdf11c48726bc2a6d1a8fb8701125852fbfda7cf19c6aa83
  languageName: node
  linkType: hard

"sqlstring@npm:^2.3.2":
  version: 2.3.3
  resolution: "sqlstring@npm:2.3.3"
  checksum: 10c0/3b5dd7badb3d6312f494cfa6c9a381ee630fbe3dbd571c4c9eb8ecdb99a7bf5a1f7a5043191d768797f6b3c04eed5958ac6a5f948b998f0a138294c6d3125fbd
  languageName: node
  linkType: hard

"std-env@npm:3.10.0":
  version: 3.10.0
  resolution: "std-env@npm:3.10.0"
  checksum: 10c0/1814927a45004d36dde6707eaf17552a546769bc79a6421be2c16ce77d238158dfe5de30910b78ec30d95135cc1c59ea73ee22d2ca170f8b9753f84da34c427f
  languageName: node
  linkType: hard

"valibot@npm:1.4.2":
  version: 1.4.2
  resolution: "valibot@npm:1.4.2"
  peerDependencies:
    typescript: ">=5"
  peerDependenciesMeta:
    typescript:
      optional: true
  checksum: 10c0/71b861de928fd5533b03fc4d84c619c07602f176d2bc6b12c5c80b2a6e889574c4126c843dd0771ce450bbb29566ca6df13d5b538ce5e4c39c2fccfb7623cf4e
  languageName: node
  linkType: hard

"which@npm:^2.0.1":
  version: 2.0.2
  resolution: "which@npm:2.0.2"
  dependencies:
    isexe: "npm:^2.0.0"
  bin:
    node-which: ./bin/node-which
  checksum: 10c0/66522872a768b60c2a65a57e8ad184e5372f5b6a9ca6d5f033d4b0dc98aff63995655a7503b9c0a2598936f532120e81dd8cc155e2e92ed662a2b9377cc4374f
  languageName: node
  linkType: hard

"zeptomatch@npm:2.1.0":
  version: 2.1.0
  resolution: "zeptomatch@npm:2.1.0"
  dependencies:
    grammex: "npm:^3.1.11"
    graphmatch: "npm:^1.1.0"
  checksum: 10c0/6baa15863f1bbf0131a50f80df82bdc1d174f45e81587ff6a2ac2ad13a0c4a1f80e883794d5711ad31acdd85195ebe052375e43db5c4bcbaff98f040c082234e
  languageName: node
  linkType: hard
