# This file is generated by running "yarn install" inside your project.
# Manual changes might be lost - proceed with caution!

__metadata:
  version: 10
  cacheKey: 10

"@electric-sql/pglite-socket@npm:0.1.3":
  version: 0.1.3
  resolution: "@electric-sql/pglite-socket@npm:0.1.3"
  peerDependencies:
    "@electric-sql/pglite": 0.4.3
  bin:
    pglite-server: dist/scripts/server.js
  checksum: 10/a0346ef647d5370aad5b3ee5c84f4841c567d4765efa218bd0a46eb2811ecaaf7f9d81a26e7498e247fe9007b91b8ef1f80ba0ee71c8013f7823d98270b0c9de
  languageName: node
  linkType: hard

"@electric-sql/pglite-tools@npm:0.3.3":
  version: 0.3.3
  resolution: "@electric-sql/pglite-tools@npm:0.3.3"
  peerDependencies:
    "@electric-sql/pglite": 0.4.3
  checksum: 10/08f0862698cd44363e9d3504deeea1f6fce19a48140f1cdb632c02fb064277b786238ca2d267892704e2e5dd405b3b95b3c448be4f97be64b7a62eabc5d2b639
  languageName: node
  linkType: hard

"@electric-sql/pglite@npm:0.4.3":
  version: 0.4.3
  resolution: "@electric-sql/pglite@npm:0.4.3"
  checksum: 10/9ae867dd3c1620ad9e17f843570c8821687256126a174236a2c5e7fd6252317e7ad0ef2d424ff643206db7b4cb10dec192af3e78f0c2bd329b0258f3eba862d9
  languageName: node
  linkType: hard

"@prisma/config@npm:7.10.0":
  version: 7.10.0
  resolution: "@prisma/config@npm:7.10.0"
  dependencies:
    c12: "npm:3.3.4"
    deepmerge-ts: "npm:7.1.5"
    effect: "npm:3.20.0"
    empathic: "npm:2.0.0"
  checksum: 10/fed863ea401a9f3deea807dabac073da6719a204bf13546304957c8ebfe55dcdbb130914f747c33fbfcacb8e3df1813121d5db59b3ff4a69f43852129894979f
  languageName: node
  linkType: hard

"@prisma/debug@npm:7.10.0":
  version: 7.10.0
  resolution: "@prisma/debug@npm:7.10.0"
  checksum: 10/526d3081efacbfd8f01543694442c1fab02fde5d14dc6cd983c59e3b307fdfa3b2abf0b3952c8aa63a91ab0b2dd1e93b1d76609ff3ae08ae263cfd8f31766080
  languageName: node
  linkType: hard

"@prisma/debug@npm:7.2.0":
  version: 7.2.0
  resolution: "@prisma/debug@npm:7.2.0"
  checksum: 10/1051e524922e3a5df58326b0826a6e6cb1c1945b36355621bf7f489f4fa8577ea027ac2faa4a1c8e6666d4d6d726b882c3f5e8ff28d72952bb468144a9dc37d0
  languageName: node
  linkType: hard

"@prisma/dev@npm:0.24.17":
  version: 0.24.17
  resolution: "@prisma/dev@npm:0.24.17"
  dependencies:
    "@electric-sql/pglite": "npm:0.4.3"
    "@electric-sql/pglite-socket": "npm:0.1.3"
    "@electric-sql/pglite-tools": "npm:0.3.3"
    "@prisma/get-platform": "npm:7.2.0"
    "@prisma/query-plan-executor": "npm:7.2.0"
    "@prisma/streams-local": "npm:0.1.11"
    find-my-way: "npm:9.7.0"
    foreground-child: "npm:3.3.1"
    get-port-please: "npm:3.2.0"
    pathe: "npm:2.0.3"
    proper-lockfile: "npm:4.1.2"
    remeda: "npm:2.33.4"
    std-env: "npm:3.10.0"
    valibot: "npm:1.4.2"
    zeptomatch: "npm:2.1.0"
  checksum: 10/5fba2265fcdc236cf673f36b60aceaf70fa8293b9f98b4b0d560bd9fe205d1386638fcd2ca4e22ebb8ffa97c2e75377df2713e990c26aaa649a9669943267549
  languageName: node
  linkType: hard

"@prisma/engines-version@npm:7.10.0-4.0edf323efd1d98336f3f0a68684b56f689b900d3":
  version: 7.10.0-4.0edf323efd1d98336f3f0a68684b56f689b900d3
  resolution: "@prisma/engines-version@npm:7.10.0-4.0edf323efd1d98336f3f0a68684b56f689b900d3"
  checksum: 10/8b766b66b78b476e849c9c291efdd88cb391a4115a0d2a94b67b7c405765153e8841646856aa7ea148ba995802db0f9efdc6ba00b17f1cd87b7103a5733d4852
  languageName: node
  linkType: hard

"@prisma/engines@npm:7.10.0":
  version: 7.10.0
  resolution: "@prisma/engines@npm:7.10.0"
  dependencies:
    "@prisma/debug": "npm:7.10.0"
    "@prisma/engines-version": "npm:7.10.0-4.0edf323efd1d98336f3f0a68684b56f689b900d3"
    "@prisma/fetch-engine": "npm:7.10.0"
    "@prisma/get-platform": "npm:7.10.0"
  checksum: 10/7fdaef2a5dc05044dd6c21725840f30b05295004b0df8b11f600b47f895aec523547ad978f26250a55fcbb30ae1a209ebf0427da6a346892c228574480cec04c
  languageName: node
  linkType: hard

"@prisma/fetch-engine@npm:7.10.0":
  version: 7.10.0
  resolution: "@prisma/fetch-engine@npm:7.10.0"
  dependencies:
    "@prisma/debug": "npm:7.10.0"
    "@prisma/engines-version": "npm:7.10.0-4.0edf323efd1d98336f3f0a68684b56f689b900d3"
    "@prisma/get-platform": "npm:7.10.0"
  checksum: 10/7e2cbdf591c43dda2849928697216e210c244e7574815b7a57983cc73d0459a3be8a923ecf6547e9e21dc8120b221b23f6cab2cc25fc6215d6a5d60d942050a7
  languageName: node
  linkType: hard

"@prisma/get-platform@npm:7.10.0":
  version: 7.10.0
  resolution: "@prisma/get-platform@npm:7.10.0"
  dependencies:
    "@prisma/debug": "npm:7.10.0"
  checksum: 10/4452508d19ffa8530b165244587105f17c61c4f17fd042f3d771cd1d273330c588c3e1ebfd77b2683c460bfbe2059dfaa6659268fa66623585cdd8b2eb44d66f
  languageName: node
  linkType: hard

"@prisma/get-platform@npm:7.2.0":
  version: 7.2.0
  resolution: "@prisma/get-platform@npm:7.2.0"
  dependencies:
    "@prisma/debug": "npm:7.2.0"
  checksum: 10/abd4337ff630b0bc28debc3a8cccce477ec91f70146ca80a42a32f4d25223990e7324273916944bfdcfd0c13057492c7340c9e0ae86259504752cfa5d43e896e
  languageName: node
  linkType: hard

"@prisma/query-plan-executor@npm:7.2.0":
  version: 7.2.0
  resolution: "@prisma/query-plan-executor@npm:7.2.0"
  checksum: 10/2bd8de05a5c60becf7e6cd602ee736a9613b5ed854bea70fb3aeaaf79238755767d0d4cc25430fe6d720fd7b5ba73303c4bd4d09449efa72377ae474275857ed
  languageName: node
  linkType: hard

"@prisma/streams-local@npm:0.1.11":
  version: 0.1.11
  resolution: "@prisma/streams-local@npm:0.1.11"
  dependencies:
    ajv: "npm:^8.12.0"
    better-result: "npm:^2.7.0"
    env-paths: "npm:^3.0.0"
    proper-lockfile: "npm:^4.1.2"
  checksum: 10/cad18d13edc05877f71b4c1ab97041e7a0cb6eb7e2107c3bdd23698dbe98b10254a352656c490b9434c37140dac5038e2ae217c43aa0bfb21d7bd00cdedebf60
  languageName: node
  linkType: hard

"@prisma/studio-core@npm:0.33.0":
  version: 0.33.0
  resolution: "@prisma/studio-core@npm:0.33.0"
  dependencies:
    "@radix-ui/react-toggle": "npm:1.1.10"
    "@visx/curve": "npm:4.0.1-alpha.0"
    "@visx/event": "npm:4.0.1-alpha.0"
    "@visx/grid": "npm:4.0.1-alpha.0"
    "@visx/group": "npm:4.0.1-alpha.0"
    "@visx/responsive": "npm:4.0.1-alpha.0"
    "@visx/scale": "npm:4.0.1-alpha.0"
    "@visx/shape": "npm:4.0.1-alpha.0"
    d3-array: "npm:3.2.4"
    d3-shape: "npm:3.2.0"
    elkjs: "npm:0.11.1"
  peerDependencies:
    "@types/react": ^18.0.0 || ^19.0.0
    react: ^18.0.0 || ^19.0.0
    react-dom: ^18.0.0 || ^19.0.0
  checksum: 10/77ac32c810312303bdff16984c0d268717cce7afda1ae79277c6c8ed6b7f312ae1ee6920b1b6d2b2d97ecd482313b169b057eb0496c79aaafb159c6baaa4e259
  languageName: node
  linkType: hard

"@radix-ui/primitive@npm:1.1.3":
  version: 1.1.3
  resolution: "@radix-ui/primitive@npm:1.1.3"
  checksum: 10/ee27abbff0d6d305816e9314655eb35e72478ba47416bc9d5cb0581728be35e3408cfc0748313837561d635f0cb7dfaae26e61831f0e16c0fd7d669a612f2cb0
  languageName: node
  linkType: hard

"@radix-ui/react-compose-refs@npm:1.1.2":
  version: 1.1.2
  resolution: "@radix-ui/react-compose-refs@npm:1.1.2"
  peerDependencies:
    "@types/react": "*"
    react: ^16.8 || ^17.0 || ^18.0 || ^19.0 || ^19.0.0-rc
  peerDependenciesMeta:
    "@types/react":
      optional: true
  checksum: 10/9a91f0213014ffa40c5b8aae4debb993be5654217e504e35aa7422887eb2d114486d37e53c482d0fffb00cd44f51b5269fcdf397b280c71666fa11b7f32f165d
  languageName: node
  linkType: hard

"@radix-ui/react-primitive@npm:2.1.3":
  version: 2.1.3
  resolution: "@radix-ui/react-primitive@npm:2.1.3"
  dependencies:
    "@radix-ui/react-slot": "npm:1.2.3"
  peerDependencies:
    "@types/react": "*"
    "@types/react-dom": "*"
    react: ^16.8 || ^17.0 || ^18.0 || ^19.0 || ^19.0.0-rc
    react-dom: ^16.8 || ^17.0 || ^18.0 || ^19.0 || ^19.0.0-rc
  peerDependenciesMeta:
    "@types/react":
      optional: true
    "@types/react-dom":
      optional: true
  checksum: 10/1dbbf932a3527f4e62f210bb72944eff605c3e38c8d3275ed5a5c570c02820ab156169756a65ad9a638d2089a828a04a7903795377384e98c87d0ca456303253
  languageName: node
  linkType: hard

"@radix-ui/react-slot@npm:1.2.3":
  version: 1.2.3
  resolution: "@radix-ui/react-slot@npm:1.2.3"
  dependencies:
    "@radix-ui/react-compose-refs": "npm:1.1.2"
  peerDependencies:
    "@types/react": "*"
    react: ^16.8 || ^17.0 || ^18.0 || ^19.0 || ^19.0.0-rc
  peerDependenciesMeta:
    "@types/react":
      optional: true
  checksum: 10/fe484c2741e31d9c20a8fb53c5790a73c0664e2bea35e27f4d484a90c42135fcfffe11a08abfcacb7a8ee2faf013471f0e856818f3ddac8ac51ceb8869e0fd08
  languageName: node
  linkType: hard

"@radix-ui/react-toggle@npm:1.1.10":
  version: 1.1.10
  resolution: "@radix-ui/react-toggle@npm:1.1.10"
  dependencies:
    "@radix-ui/primitive": "npm:1.1.3"
    "@radix-ui/react-primitive": "npm:2.1.3"
    "@radix-ui/react-use-controllable-state": "npm:1.2.2"
  peerDependencies:
    "@types/react": "*"
    "@types/react-dom": "*"
    react: ^16.8 || ^17.0 || ^18.0 || ^19.0 || ^19.0.0-rc
    react-dom: ^16.8 || ^17.0 || ^18.0 || ^19.0 || ^19.0.0-rc
  peerDependenciesMeta:
    "@types/react":
      optional: true
    "@types/react-dom":
      optional: true
  checksum: 10/ece154bd7a0ca765040fafbe4131f753457a3d37f73dec3ae94f08f17f3889272d06f33f305ad34c986925ce8a40532ee43f6bdb7e8b99fd8bac299b01d69204
  languageName: node
  linkType: hard

"@radix-ui/react-use-controllable-state@npm:1.2.2":
  version: 1.2.2
  resolution: "@radix-ui/react-use-controllable-state@npm:1.2.2"
  dependencies:
    "@radix-ui/react-use-effect-event": "npm:0.0.2"
    "@radix-ui/react-use-layout-effect": "npm:1.1.1"
  peerDependencies:
    "@types/react": "*"
    react: ^16.8 || ^17.0 || ^18.0 || ^19.0 || ^19.0.0-rc
  peerDependenciesMeta:
    "@types/react":
      optional: true
  checksum: 10/a100bff3ddecb753dab17444147273c9f70046c5949712c52174b259622eaef12acbf7ebcf289bae4e714eb84d0a7317c1aa44064cd997f327d77b62bc732a7c
  languageName: node
  linkType: hard

"@radix-ui/react-use-effect-event@npm:0.0.2":
  version: 0.0.2
  resolution: "@radix-ui/react-use-effect-event@npm:0.0.2"
  dependencies:
    "@radix-ui/react-use-layout-effect": "npm:1.1.1"
  peerDependencies:
    "@types/react": "*"
    react: ^16.8 || ^17.0 || ^18.0 || ^19.0 || ^19.0.0-rc
  peerDependenciesMeta:
    "@types/react":
      optional: true
  checksum: 10/5a1950a30a399ea7e4b98154da9f536737a610de80189b7aacd4f064a89a3cd0d2a48571d527435227252e72e872bdb544ff6ffcfbdd02de2efd011be4aaa902
  languageName: node
  linkType: hard

"@radix-ui/react-use-layout-effect@npm:1.1.1":
  version: 1.1.1
  resolution: "@radix-ui/react-use-layout-effect@npm:1.1.1"
  peerDependencies:
    "@types/react": "*"
    react: ^16.8 || ^17.0 || ^18.0 || ^19.0 || ^19.0.0-rc
  peerDependenciesMeta:
    "@types/react":
      optional: true
  checksum: 10/bad2ba4f206e6255263582bedfb7868773c400836f9a1b423c0b464ffe4a17e13d3f306d1ce19cf7a19a492e9d0e49747464f2656451bb7c6a99f5a57bd34de2
  languageName: node
  linkType: hard

"@standard-schema/spec@npm:^1.0.0":
  version: 1.1.0
  resolution: "@standard-schema/spec@npm:1.1.0"
  checksum: 10/a209615c9e8b2ea535d7db0a5f6aa0f962fd4ab73ee86a46c100fb78116964af1f55a27c1794d4801e534a196794223daa25ff5135021e03c7828aa3d95e1763
  languageName: node
  linkType: hard

"@types/d3-array@npm:3.0.3":
  version: 3.0.3
  resolution: "@types/d3-array@npm:3.0.3"
  checksum: 10/2fee8da651edf772dfa1f1527cc2fd3f39a711de341a93faf4c304dc6a45ae498341481fe0805bfa0c6f7d329453e65cae2f9635503c2cdc8480903ebed67db7
  languageName: node
  linkType: hard

"@types/d3-color@npm:*":
  version: 3.1.3
  resolution: "@types/d3-color@npm:3.1.3"
  checksum: 10/1cf0f512c09357b25d644ab01b54200be7c9b15c808333b0ccacf767fff36f17520b2fcde9dad45e1bd7ce84befad39b43da42b4fded57680fa2127006ca3ece
  languageName: node
  linkType: hard

"@types/d3-color@npm:3.1.0":
  version: 3.1.0
  resolution: "@types/d3-color@npm:3.1.0"
  checksum: 10/c5e2129602d5d28bd178632198b158f5d27c958252a9ddf9fdc86ac38b987ae96fdd465be88913914d2ce8a4975358f86ea56362d0ac01365b234a5a8bc31861
  languageName: node
  linkType: hard

"@types/d3-delaunay@npm:6.0.1":
  version: 6.0.1
  resolution: "@types/d3-delaunay@npm:6.0.1"
  checksum: 10/a4c62fdc6fe4a579ed84696d0c208b0b43249a7a6789cee8f6d80f75d31d09b02ca9d831a5a724bd7933ff1a56224a9d07a629b31a6602836f9cbd0629faca64
  languageName: node
  linkType: hard

"@types/d3-format@npm:3.0.1":
  version: 3.0.1
  resolution: "@types/d3-format@npm:3.0.1"
  checksum: 10/f52886eeec5d471c8fcb83d9731fd8d98a6e119666a7480880513c7cc8654c1e43d0e6d5ae8023d0c22c376ba17c560c9aaca8daea488a2d1fb117366d228f0a
  languageName: node
  linkType: hard

"@types/d3-geo@npm:3.1.0":
  version: 3.1.0
  resolution: "@types/d3-geo@npm:3.1.0"
  dependencies:
    "@types/geojson": "npm:*"
  checksum: 10/e759d98470fe605ff0088247af81c3197cefce72b16eafe8acae606216c3e0a9f908df4e7cd5005ecfe13b8ac8396a51aaa0d282f3ca7d1c3850313a13fac905
  languageName: node
  linkType: hard

"@types/d3-interpolate@npm:3.0.1":
  version: 3.0.1
  resolution: "@types/d3-interpolate@npm:3.0.1"
  dependencies:
    "@types/d3-color": "npm:*"
  checksum: 10/806642d869366ec1b2caeb47a716654611728d3281ac7e2d9f06e2a5a0482ec6028952abbec394b722da8d50f81b4ce9158c741620ea8fec231226ea3bc4bb18
  languageName: node
  linkType: hard

"@types/d3-path@npm:*, @types/d3-path@npm:3.1.1":
  version: 3.1.1
  resolution: "@types/d3-path@npm:3.1.1"
  checksum: 10/0437994d45d852ecbe9c4484e5abe504cd48751796d23798b6d829503a15563fdd348d93ac44489ba9c656992d16157f695eb889d9ce1198963f8e1dbabb1266
  languageName: node
  linkType: hard

"@types/d3-scale@npm:4.0.2":
  version: 4.0.2
  resolution: "@types/d3-scale@npm:4.0.2"
  dependencies:
    "@types/d3-time": "npm:*"
  checksum: 10/09ded5f71b915f512718774c08663f76d6518f5085d7e94ae562f9ffd1fe48ee493a33d4766cb9d324df0144bcf67a36853329c84122653bb2660e024ebf579b
  languageName: node
  linkType: hard

"@types/d3-shape@npm:3.1.7":
  version: 3.1.7
  resolution: "@types/d3-shape@npm:3.1.7"
  dependencies:
    "@types/d3-path": "npm:*"
  checksum: 10/b7ddda2a9c916ba438308bfa6e53fa2bb11c2ce13537ba2a7816c16f9432287b57901921c7231d2924f2d7d360535c3795f017865ab05abe5057c6ca06ca81df
  languageName: node
  linkType: hard

"@types/d3-time-format@npm:2.1.0":
  version: 2.1.0
  resolution: "@types/d3-time-format@npm:2.1.0"
  checksum: 10/803931c31f2725606fab35b8d6ae6fa04bda80f35675e57e9e4668988391728284f7993f76798d5dbd9d11f815abae55e9f831e36da80b1c6c354060cdc09f1b
  languageName: node
  linkType: hard

"@types/d3-time@npm:*":
  version: 3.0.4
  resolution: "@types/d3-time@npm:3.0.4"
  checksum: 10/b1eb4255066da56023ad243fd4ae5a20462d73bd087a0297c7d49ece42b2304a4a04297568c604a38541019885b2bc35a9e0fd704fad218e9bc9c5f07dc685ce
  languageName: node
  linkType: hard

"@types/d3-time@npm:3.0.0":
  version: 3.0.0
  resolution: "@types/d3-time@npm:3.0.0"
  checksum: 10/7ef819c98eb0254dc5df901c94ec7f435f9becdedff048c89f905403b934a4d8dee7730659549d60e5ce18e0e9010009b1ab1522aadc724751edaecafc54ba53
  languageName: node
  linkType: hard

"@types/geojson@npm:*":
  version: 7946.0.16
  resolution: "@types/geojson@npm:7946.0.16"
  checksum: 10/34d07421bdd60e7b99fa265441d17ac6e9aef48e3ce22d04324127d0de1daf7fbaa0bd3be1cece2092eb6995f21da84afa5231e24621a2910ff7340bc98f496f
  languageName: node
  linkType: hard

"@types/lodash@npm:^4.17.13":
  version: 4.17.24
  resolution: "@types/lodash@npm:4.17.24"
  checksum: 10/0f2082565f60f9787eefc046edc38458054512be5a8b3584ef0bad5fd9e85d0ab55ec5a1fbfae1ed6ba015cf1f9e837d5fb4da1f99fc60b8f74b2a46146fb00f
  languageName: node
  linkType: hard

"@types/react-dom@npm:19.3.0":
  version: 19.3.0
  resolution: "@types/react-dom@npm:19.3.0"
  peerDependencies:
    "@types/react": ^19.3.0
  checksum: 10/e24ee9948dc3a6c81e8aa4acf120a1194d3a3b68e97205b1e5e24e087b9f0c0c2e40b128fd258663ccb5889c852aeee558c0daa3255c3d82e0fc1c5d64c4b69a
  languageName: node
  linkType: hard

"@types/react@npm:*":
  version: 19.2.17
  resolution: "@types/react@npm:19.2.17"
  dependencies:
    csstype: "npm:^3.2.2"
  checksum: 10/8debb092bd0bb9c99176a31824c7587c27c775a6526b60060e7b9e8dc2af53aee2ffadc7a1e3845953792437db5699d34a9054e198c9d4e54a74728ff47c6725
  languageName: node
  linkType: hard

"@types/react@npm:19.3.0":
  version: 19.3.0
  resolution: "@types/react@npm:19.3.0"
  dependencies:
    csstype: "npm:^3.2.2"
  checksum: 10/2f4589222fd9c512e1ef78e65f334ade8777400add8ec0803fcc3a044761679b7984ba8410a890af24255383c3251a568bb692b60acfa22397ba0a64b2e032bf
  languageName: node
  linkType: hard

"@visx/curve@npm:4.0.1-alpha.0":
  version: 4.0.1-alpha.0
  resolution: "@visx/curve@npm:4.0.1-alpha.0"
  dependencies:
    "@visx/vendor": "npm:4.0.0-alpha.0"
  checksum: 10/c7ff38566ca04493fdf97d7b09d5c8c1939ab3b3d7adeff3ea159497039e2a5236cc38f20c2518dc26f919b4bd5d899490fdeac0d6dbe44e6eea4b67ba82d3cf
  languageName: node
  linkType: hard

"@visx/event@npm:4.0.1-alpha.0":
  version: 4.0.1-alpha.0
  resolution: "@visx/event@npm:4.0.1-alpha.0"
  dependencies:
    "@types/react": "npm:*"
    "@visx/point": "npm:4.0.1-alpha.0"
  checksum: 10/02eadbb6c0a33a57934d6bae1dc5f57fc11a4213d91b86c9ede2ee582fb85f65a3d2ae5f20a5c5d3d6e38d4411b3d104973e34f9e8810d8d994fad6d994c9e79
  languageName: node
  linkType: hard

"@visx/grid@npm:4.0.1-alpha.0":
  version: 4.0.1-alpha.0
  resolution: "@visx/grid@npm:4.0.1-alpha.0"
  dependencies:
    "@types/react": "npm:*"
    "@visx/curve": "npm:4.0.1-alpha.0"
    "@visx/group": "npm:4.0.1-alpha.0"
    "@visx/point": "npm:4.0.1-alpha.0"
    "@visx/scale": "npm:4.0.1-alpha.0"
    "@visx/shape": "npm:4.0.1-alpha.0"
    classnames: "npm:^2.3.1"
  peerDependencies:
    react: ^16.14.0 || ^17.0.0-0 || ^18.0.0-0 || ^19.0.0-0
  checksum: 10/182ea21401119baf4d30ff63990aab2d823987e59780cd9eb1f85e02119a531ffc34ef0d458211be6d8ce10b08b54bcf7db8b206a186afbaaf41c2445eb3cfe3
  languageName: node
  linkType: hard

"@visx/group@npm:4.0.1-alpha.0":
  version: 4.0.1-alpha.0
  resolution: "@visx/group@npm:4.0.1-alpha.0"
  dependencies:
    "@types/react": "npm:*"
    classnames: "npm:^2.3.1"
  peerDependencies:
    react: ^16.14.0 || ^17.0.0-0 || ^18.0.0-0 || ^19.0.0-0
  checksum: 10/b9e0229f93455d9056b5565b88afd1c761053438a993ea179d556e05e9d11d4438b01122dbc9baae05c8aa2a1062238994fa616421f94d6628d20400b3940774
  languageName: node
  linkType: hard

"@visx/point@npm:4.0.1-alpha.0":
  version: 4.0.1-alpha.0
  resolution: "@visx/point@npm:4.0.1-alpha.0"
  checksum: 10/c3ec7257bafea175a50cbb21678dc8f631bb1ebaf4e8c01b579cb8b33f83307f605c786daaa2ba51fcd85a60c6ce3cc2a7a5a1d39c2e03558a12c8962c4fa6e0
  languageName: node
  linkType: hard

"@visx/responsive@npm:4.0.1-alpha.0":
  version: 4.0.1-alpha.0
  resolution: "@visx/responsive@npm:4.0.1-alpha.0"
  dependencies:
    "@types/lodash": "npm:^4.17.13"
    "@types/react": "npm:*"
    lodash: "npm:^4.17.21"
  peerDependencies:
    react: ^16.14.0 || ^17.0.0-0 || ^18.0.0-0 || ^19.0.0-0
  checksum: 10/68ea72839bc0e62ed9dec98dc38e01928e8a2383221f985819a234065c137a91521f2d7b9f481e84c42f2a49d68f7a3dcd3e8267af2f1a8e3e61cfd0669f1b72
  languageName: node
  linkType: hard

"@visx/scale@npm:4.0.1-alpha.0":
  version: 4.0.1-alpha.0
  resolution: "@visx/scale@npm:4.0.1-alpha.0"
  dependencies:
    "@visx/vendor": "npm:4.0.0-alpha.0"
  checksum: 10/70ffe59e8e0b78be3d728ace4fb346efab39cc1bbd2c0aeab71491e7e4e88b4a85f57bf7421b24d64861900648de4cc3da21bc28078c58ef2763fb1cc2e2e40e
  languageName: node
  linkType: hard

"@visx/shape@npm:4.0.1-alpha.0":
  version: 4.0.1-alpha.0
  resolution: "@visx/shape@npm:4.0.1-alpha.0"
  dependencies:
    "@types/lodash": "npm:^4.17.13"
    "@types/react": "npm:*"
    "@visx/curve": "npm:4.0.1-alpha.0"
    "@visx/group": "npm:4.0.1-alpha.0"
    "@visx/scale": "npm:4.0.1-alpha.0"
    "@visx/vendor": "npm:4.0.0-alpha.0"
    classnames: "npm:^2.3.1"
    lodash: "npm:^4.17.21"
  peerDependencies:
    react: ^16.14.0 || ^17.0.0-0 || ^18.0.0-0 || ^19.0.0-0
  checksum: 10/ceef0024ffe5daa16f5f57cb76ab82b74cb36524402e08a289129b685f4cd612726e34ac12f25b025ca7c8bd5c63bca3141c4867c73d9bb2cfe721d317913a67
  languageName: node
  linkType: hard

"@visx/vendor@npm:4.0.0-alpha.0":
  version: 4.0.0-alpha.0
  resolution: "@visx/vendor@npm:4.0.0-alpha.0"
  dependencies:
    "@types/d3-array": "npm:3.0.3"
    "@types/d3-color": "npm:3.1.0"
    "@types/d3-delaunay": "npm:6.0.1"
    "@types/d3-format": "npm:3.0.1"
    "@types/d3-geo": "npm:3.1.0"
    "@types/d3-interpolate": "npm:3.0.1"
    "@types/d3-path": "npm:3.1.1"
    "@types/d3-scale": "npm:4.0.2"
    "@types/d3-shape": "npm:3.1.7"
    "@types/d3-time": "npm:3.0.0"
    "@types/d3-time-format": "npm:2.1.0"
    d3-array: "npm:3.2.1"
    d3-color: "npm:3.1.0"
    d3-delaunay: "npm:6.0.2"
    d3-format: "npm:3.1.0"
    d3-geo: "npm:3.1.0"
    d3-interpolate: "npm:3.0.1"
    d3-path: "npm:3.1.0"
    d3-scale: "npm:4.0.2"
    d3-shape: "npm:3.2.0"
    d3-time: "npm:3.1.0"
    d3-time-format: "npm:4.1.0"
    internmap: "npm:2.0.3"
  checksum: 10/56f21da1786579b2acae82254f4b3ebe0ec61d6ca0c56a3519ac5481c97a6968d68279e8df5fd956b6e26f691721eea6e10b2f502670ddcc50cc980f32bef174
  languageName: node
  linkType: hard

"airbroke-migrations-runtime@workspace:.":
  version: 0.0.0-use.local
  resolution: "airbroke-migrations-runtime@workspace:."
  dependencies:
    prisma: "npm:7.10.0"
  languageName: unknown
  linkType: soft

"ajv@npm:^8.12.0":
  version: 8.20.0
  resolution: "ajv@npm:8.20.0"
  dependencies:
    fast-deep-equal: "npm:^3.1.3"
    fast-uri: "npm:^3.0.1"
    json-schema-traverse: "npm:^1.0.0"
    require-from-string: "npm:^2.0.2"
  checksum: 10/5ce59c0537f4c2aca9a758b412659ec70acb4d5dde971c10ecf21d2e3d799f99acdb4a08e1f5fb2e067c8542930398aae793bb996bb07d3feb81dae22fe2ada9
  languageName: node
  linkType: hard

"aws-ssl-profiles@npm:^1.1.1":
  version: 1.1.2
  resolution: "aws-ssl-profiles@npm:1.1.2"
  checksum: 10/af9e5c5e6e343e0f299106acaf03106a7458be69772d004f3e4cf0e3649bb41131b594126fcbc997ad89d73752d9e1d72886c72fcc8649ac5d590459d6b75827
  languageName: node
  linkType: hard

"better-result@npm:^2.7.0":
  version: 2.10.0
  resolution: "better-result@npm:2.10.0"
  checksum: 10/e3c7051dd466899ba6206890bab524a0e2070f8504d264e7816c80dc2ec18f0ff3d778864497c67534cb64bec1ea074613f917671706c198acce188f980eebc1
  languageName: node
  linkType: hard

"c12@npm:3.3.4":
  version: 3.3.4
  resolution: "c12@npm:3.3.4"
  dependencies:
    chokidar: "npm:^5.0.0"
    confbox: "npm:^0.2.4"
    defu: "npm:^6.1.6"
    dotenv: "npm:^17.3.1"
    exsolve: "npm:^1.0.8"
    giget: "npm:^3.2.0"
    jiti: "npm:^2.6.1"
    ohash: "npm:^2.0.11"
    pathe: "npm:^2.0.3"
    perfect-debounce: "npm:^2.1.0"
    pkg-types: "npm:^2.3.0"
    rc9: "npm:^3.0.1"
  peerDependencies:
    magicast: "*"
  peerDependenciesMeta:
    magicast:
      optional: true
  checksum: 10/2cf8fc91abd3bca463dae455209a2ca73fa6a035a22ea7506cc2e422caef31d0032fd9eb7855e58d0488eca2858335dd8f1c2604d4e74d134b9521e89fcdb1d5
  languageName: node
  linkType: hard

"chokidar@npm:^5.0.0":
  version: 5.0.0
  resolution: "chokidar@npm:5.0.0"
  dependencies:
    readdirp: "npm:^5.0.0"
  checksum: 10/a1c2a4ee6ee81ba6409712c295a47be055fb9de1186dfbab33c1e82f28619de962ba02fc5f9d433daaedc96c35747460d8b2079ac2907de2c95e3f7cce913113
  languageName: node
  linkType: hard

"classnames@npm:^2.3.1":
  version: 2.5.1
  resolution: "classnames@npm:2.5.1"
  checksum: 10/58eb394e8817021b153bb6e7d782cfb667e4ab390cb2e9dac2fc7c6b979d1cc2b2a733093955fc5c94aa79ef5c8c89f11ab77780894509be6afbb91dddd79d15
  languageName: node
  linkType: hard

"confbox@npm:^0.2.4":
  version: 0.2.4
  resolution: "confbox@npm:0.2.4"
  checksum: 10/10243036f2eca8f02c85f1c8c99f492d2b690e41b5fb9c6bf91afbaca8972eb760bf9fafb7b669433c1ea0c98f12e910d4d1e73b017cd06b72150d080a2c78b6
  languageName: node
  linkType: hard

"confbox@npm:^0.3.1":
  version: 0.3.1
  resolution: "confbox@npm:0.3.1"
  checksum: 10/42c0580cc7bd20009df6c8264247db4fda37a63abcc2d94d7503a41eb00a915ec3328e62d495b8e00de7022e941fee6045545f9351d5e644e77d31ae4a543d0d
  languageName: node
  linkType: hard

"cross-spawn@npm:^7.0.6":
  version: 7.0.6
  resolution: "cross-spawn@npm:7.0.6"
  dependencies:
    path-key: "npm:^3.1.0"
    shebang-command: "npm:^2.0.0"
    which: "npm:^2.0.1"
  checksum: 10/0d52657d7ae36eb130999dffff1168ec348687b48dd38e2ff59992ed916c88d328cf1d07ff4a4a10bc78de5e1c23f04b306d569e42f7a2293915c081e4dfee86
  languageName: node
  linkType: hard

"csstype@npm:^3.2.2":
  version: 3.2.3
  resolution: "csstype@npm:3.2.3"
  checksum: 10/ad41baf7e2ffac65ab544d79107bf7cd1a4bb9bab9ac3302f59ab4ba655d5e30942a8ae46e10ba160c6f4ecea464cc95b975ca2fefbdeeacd6ac63f12f99fe1f
  languageName: node
  linkType: hard

"d3-array@npm:2 - 3, d3-array@npm:2.10.0 - 3, d3-array@npm:2.5.0 - 3, d3-array@npm:3.2.4":
  version: 3.2.4
  resolution: "d3-array@npm:3.2.4"
  dependencies:
    internmap: "npm:1 - 2"
  checksum: 10/5800c467f89634776a5977f6dae3f4e127d91be80f1d07e3e6e35303f9de93e6636d014b234838eea620f7469688d191b3f41207a30040aab750a63c97ec1d7c
  languageName: node
  linkType: hard

"d3-array@npm:3.2.1":
  version: 3.2.1
  resolution: "d3-array@npm:3.2.1"
  dependencies:
    internmap: "npm:1 - 2"
  checksum: 10/5522a1e193f87a6a2e1ee784065b0e9c11b3602a388a1060aac91a6a0374fa2234436bc253312ca7b1517b91b2eea2ea9191b1e37e76c8b2bf4d422f41990dec
  languageName: node
  linkType: hard

"d3-color@npm:1 - 3, d3-color@npm:3.1.0":
  version: 3.1.0
  resolution: "d3-color@npm:3.1.0"
  checksum: 10/536ba05bfd9f4fcd6fa289b5974f5c846b21d186875684637e22bf6855e6aba93e24a2eb3712985c6af3f502fbbfa03708edb72f58142f626241a8a17258e545
  languageName: node
  linkType: hard

"d3-delaunay@npm:6.0.2":
  version: 6.0.2
  resolution: "d3-delaunay@npm:6.0.2"
  dependencies:
    delaunator: "npm:5"
  checksum: 10/66b25c023eaf3335f1cca2d375954573e583d907aff9d1212cef714bbccb6c84d860ed0bcebaf2bd1fba88c1f0827a3515dd1d43127732a029a83c30ffb4d9f9
  languageName: node
  linkType: hard

"d3-format@npm:1 - 3":
  version: 3.1.2
  resolution: "d3-format@npm:3.1.2"
  checksum: 10/811d913c2c7624cb0d2a8f0ccd7964c50945b3de3c7f7aa14c309fba7266a3ec53cbee8c05f6ad61b2b65b93e157c55a0e07db59bc3180c39dac52be8e841ab1
  languageName: node
  linkType: hard

"d3-format@npm:3.1.0":
  version: 3.1.0
  resolution: "d3-format@npm:3.1.0"
  checksum: 10/a0fe23d2575f738027a3db0ce57160e5a473ccf24808c1ed46d45ef4f3211076b34a18b585547d34e365e78dcc26dd4ab15c069731fc4b1c07a26bfced09ea31
  languageName: node
  linkType: hard

"d3-geo@npm:3.1.0":
  version: 3.1.0
  resolution: "d3-geo@npm:3.1.0"
  dependencies:
    d3-array: "npm:2.5.0 - 3"
  checksum: 10/d214c2951c327501699b49f73fcbf417284468f41b31cd8f34c1975137a2544e4bb8080f35fa216659dba91c60f35b7bc857cd6b8297cf4f0fd37343269d9f8a
  languageName: node
  linkType: hard

"d3-interpolate@npm:1.2.0 - 3, d3-interpolate@npm:3.0.1":
  version: 3.0.1
  resolution: "d3-interpolate@npm:3.0.1"
  dependencies:
    d3-color: "npm:1 - 3"
  checksum: 10/988d66497ef5c190cf64f8c80cd66e1e9a58c4d1f8932d776a8e3ae59330291795d5a342f5a97602782ccbef21a5df73bc7faf1f0dc46a5145ba6243a82a0f0e
  languageName: node
  linkType: hard

"d3-path@npm:3.1.0, d3-path@npm:^3.1.0":
  version: 3.1.0
  resolution: "d3-path@npm:3.1.0"
  checksum: 10/8e97a9ab4930a05b18adda64cf4929219bac913a5506cf8585631020253b39309549632a5cbeac778c0077994442ddaaee8316ee3f380e7baf7566321b84e76a
  languageName: node
  linkType: hard

"d3-scale@npm:4.0.2":
  version: 4.0.2
  resolution: "d3-scale@npm:4.0.2"
  dependencies:
    d3-array: "npm:2.10.0 - 3"
    d3-format: "npm:1 - 3"
    d3-interpolate: "npm:1.2.0 - 3"
    d3-time: "npm:2.1.1 - 3"
    d3-time-format: "npm:2 - 4"
  checksum: 10/e2dc4243586eae2a0fdf91de1df1a90d51dfacb295933f0ca7e9184c31203b01436bef69906ad40f1100173a5e6197ae753cb7b8a1a8fcfda43194ea9cad6493
  languageName: node
  linkType: hard

"d3-shape@npm:3.2.0":
  version: 3.2.0
  resolution: "d3-shape@npm:3.2.0"
  dependencies:
    d3-path: "npm:^3.1.0"
  checksum: 10/2e861f4d4781ee8abd85d2b435f848d667479dcf01a4e0db3a06600a5bdeddedb240f88229ec7b3bf7fa300c2b3526faeaf7e75f9a24dbf4396d3cc5358ff39d
  languageName: node
  linkType: hard

"d3-time-format@npm:2 - 4, d3-time-format@npm:4.1.0":
  version: 4.1.0
  resolution: "d3-time-format@npm:4.1.0"
  dependencies:
    d3-time: "npm:1 - 3"
  checksum: 10/ffc0959258fbb90e3890bfb31b43b764f51502b575e87d0af2c85b85ac379120d246914d07fca9f533d1bcedc27b2841d308a00fd64848c3e2cad9eff5c9a0aa
  languageName: node
  linkType: hard

"d3-time@npm:1 - 3, d3-time@npm:2.1.1 - 3, d3-time@npm:3.1.0":
  version: 3.1.0
  resolution: "d3-time@npm:3.1.0"
  dependencies:
    d3-array: "npm:2 - 3"
  checksum: 10/c110bed295ce63e8180e45b82a9b0ba114d5f33ff315871878f209c1a6d821caa505739a2b07f38d1396637155b8e7372632dacc018e11fbe8ceef58f6af806d
  languageName: node
  linkType: hard

"deepmerge-ts@npm:7.1.5":
  version: 7.1.5
  resolution: "deepmerge-ts@npm:7.1.5"
  checksum: 10/f86d1a0b3b803cbae749ebaabf2c6db388abec57d77a4003829ecf987504f3c93b01d1ff86ef89a5d56e2b06d7402ea2a7502f0d044f19e036ada1f543e78d3d
  languageName: node
  linkType: hard

"defu@npm:^6.1.6, defu@npm:^6.1.7":
  version: 6.1.7
  resolution: "defu@npm:6.1.7"
  checksum: 10/09480a5fbe6318f622f30017f9386df6ae92ed895fb1ccc61e1ff0d5016b28a321c751749fdd52c996ddd4eafc2c95b77dc0c8cc109881a231c23c7fd630deb9
  languageName: node
  linkType: hard

"delaunator@npm:5":
  version: 5.1.0
  resolution: "delaunator@npm:5.1.0"
  dependencies:
    robust-predicates: "npm:^3.0.2"
  checksum: 10/ede01ddbb69c2d12672e1fd334e4265099d73c082a10fc2d33b4e527c61e0221b25011e9d49a701941211bbedd9d39b9eccac232803edf22d6308ad08ef61a98
  languageName: node
  linkType: hard

"denque@npm:^2.1.0":
  version: 2.1.0
  resolution: "denque@npm:2.1.0"
  checksum: 10/8ea05321576624b90acfc1ee9208b8d1d04b425cf7573b9b4fa40a2c3ed4d4b0af5190567858f532f677ed2003d4d2b73c8130b34e3c7b8d5e88cdcfbfaa1fe7
  languageName: node
  linkType: hard

"destr@npm:^2.0.5":
  version: 2.0.5
  resolution: "destr@npm:2.0.5"
  checksum: 10/0e4fba62a55a4188c7ab13eed5ebeeda037ead1ab21cf6be40ca39828b258475ad9eb1e7de50a5ea8041705d454a4d090caf9f92b89f03b04d2e229716f7da0a
  languageName: node
  linkType: hard

"dotenv@npm:^17.3.1":
  version: 17.4.2
  resolution: "dotenv@npm:17.4.2"
  checksum: 10/ca1b6f54d58e39914901e1518958e86083aca8deb5aa2e7f2a51acd53291d97852479b0ab26ed949b6a45a0e9adcc7b0d1c3c72375e8ea670f7005e341c6daba
  languageName: node
  linkType: hard

"effect@npm:3.20.0":
  version: 3.20.0
  resolution: "effect@npm:3.20.0"
  dependencies:
    "@standard-schema/spec": "npm:^1.0.0"
    fast-check: "npm:^3.23.1"
  checksum: 10/62c1e43f86db04551aaf494a3d2fe296ce3a7d5e25c79c0b41b88e82152af6bb429ce040c7b51fd1b98d3fe93bef768737967f182b4b88ed488689860b55fc26
  languageName: node
  linkType: hard

"elkjs@npm:0.11.1":
  version: 0.11.1
  resolution: "elkjs@npm:0.11.1"
  checksum: 10/876cee0504239956a40f3925f3a640ce0ad6e0e6f394ec1b627ce5b2ed2ccef8bd0467d054f644d9381d584b6fd13071b4060849e798db6e62bc97595493a6e1
  languageName: node
  linkType: hard

"empathic@npm:2.0.0":
  version: 2.0.0
  resolution: "empathic@npm:2.0.0"
  checksum: 10/90f47d93f8d1db3aa00ce1bfae2940bf76379dbb34bd562edbd92c3564a173cb1d6bd3cadb645fad0224839c25886abde801155d9b972dda6add7a5cc8b35d48
  languageName: node
  linkType: hard

"env-paths@npm:^3.0.0":
  version: 3.0.0
  resolution: "env-paths@npm:3.0.0"
  checksum: 10/b2b0a0d0d9931a13d279c22ed94d78648a1cc5f408f05d47ff3e0c1616f0aa0c38fb33deec5e5be50497225d500607d57f9c8652c4d39c2f2b7608cd45768128
  languageName: node
  linkType: hard

"exsolve@npm:^1.0.8, exsolve@npm:^1.1.1":
  version: 1.1.3
  resolution: "exsolve@npm:1.1.3"
  checksum: 10/ed7b37b5ccc98d4deaa759130e1f3ecff17077bdbfc3cc1691f85fc00600fcbd6235c69a79c849720b602b71d9daf2c6d74f0982027b2d38b0c52da2f37070ba
  languageName: node
  linkType: hard

"fast-check@npm:^3.23.1":
  version: 3.23.2
  resolution: "fast-check@npm:3.23.2"
  dependencies:
    pure-rand: "npm:^6.1.0"
  checksum: 10/dab344146b778e8bc2973366ea55528d1b58d3e3037270262b877c54241e800c4d744957722c24705c787020d702aece11e57c9e3dbd5ea19c3e10926bf1f3fe
  languageName: node
  linkType: hard

"fast-decode-uri-component@npm:^1.0.1":
  version: 1.0.1
  resolution: "fast-decode-uri-component@npm:1.0.1"
  checksum: 10/4b6ed26974414f688be4a15eab6afa997bad4a7c8605cb1deb928b28514817b4523a1af0fa06621c6cbfedb7e5615144c2c3e7512860e3a333a31a28d537dca7
  languageName: node
  linkType: hard

"fast-deep-equal@npm:^3.1.3":
  version: 3.1.3
  resolution: "fast-deep-equal@npm:3.1.3"
  checksum: 10/e21a9d8d84f53493b6aa15efc9cfd53dd5b714a1f23f67fb5dc8f574af80df889b3bce25dc081887c6d25457cce704e636395333abad896ccdec03abaf1f3f9d
  languageName: node
  linkType: hard

"fast-querystring@npm:^1.0.0":
  version: 1.1.2
  resolution: "fast-querystring@npm:1.1.2"
  dependencies:
    fast-decode-uri-component: "npm:^1.0.1"
  checksum: 10/981da9b914f2b639dc915bdfa4f34ab028b967d428f02fbd293d99258593fde69c48eea73dfa03ced088268e0a8045c642e8debcd9b4821ebd125e130a0430c7
  languageName: node
  linkType: hard

"fast-uri@npm:^3.0.1":
  version: 3.1.8
  resolution: "fast-uri@npm:3.1.8"
  checksum: 10/d3dfa29fd2e5fa2371833699f3f78c975b79f65e52e0ce37604db10dffb85b5b448b5075e93453272cb95fb1c6a759495164e60649ffd69e59ec43f20d44f791
  languageName: node
  linkType: hard

"find-my-way@npm:9.7.0":
  version: 9.7.0
  resolution: "find-my-way@npm:9.7.0"
  dependencies:
    fast-deep-equal: "npm:^3.1.3"
    fast-querystring: "npm:^1.0.0"
    safe-regex2: "npm:^5.0.0"
  checksum: 10/c22817d48cdbc1174b7073b96fd75796777e63d39ddfc6b3d09437d4afe280ac9575c05b4e32a23f69ec1297b0204840f0229cf9d8ff35fb3b37b4c547598d96
  languageName: node
  linkType: hard

"foreground-child@npm:3.3.1":
  version: 3.3.1
  resolution: "foreground-child@npm:3.3.1"
  dependencies:
    cross-spawn: "npm:^7.0.6"
    signal-exit: "npm:^4.0.1"
  checksum: 10/427b33f997a98073c0424e5c07169264a62cda806d8d2ded159b5b903fdfc8f0a1457e06b5fc35506497acb3f1e353f025edee796300209ac6231e80edece835
  languageName: node
  linkType: hard

"generate-function@npm:^2.3.1":
  version: 2.3.1
  resolution: "generate-function@npm:2.3.1"
  dependencies:
    is-property: "npm:^1.0.2"
  checksum: 10/318f85af87c3258d86df4ebbb56b63a2ae52e71bd6cde8d0a79de09450de7422a7047fb1f8d52ccc135564a36cb986d73c63149eed96b7ac57e38acba44f29e2
  languageName: node
  linkType: hard

"get-port-please@npm:3.2.0":
  version: 3.2.0
  resolution: "get-port-please@npm:3.2.0"
  checksum: 10/0bf6b28a7065a13b9ddfff5673380b508345a2a82dd6b3efc8e8f50b5fc2f0bd1f33bba57cc8ea17889fe3b6442bfb7de92f2196c2dcbb58c73709ce65033c7b
  languageName: node
  linkType: hard

"giget@npm:^3.2.0":
  version: 3.3.1
  resolution: "giget@npm:3.3.1"
  bin:
    giget: dist/cli.mjs
  checksum: 10/94601ade8152e1e4b68f35b7b1fa90dbe9ecf0da8f575c5c9805b68842d6150be641365100f59e97ee6fda8959722ec1d250bf7d13ccb14ccc617b300b8445d7
  languageName: node
  linkType: hard

"graceful-fs@npm:^4.2.4":
  version: 4.2.11
  resolution: "graceful-fs@npm:4.2.11"
  checksum: 10/bf152d0ed1dc159239db1ba1f74fdbc40cb02f626770dcd5815c427ce0688c2635a06ed69af364396da4636d0408fcf7d4afdf7881724c3307e46aff30ca49e2
  languageName: node
  linkType: hard

"grammex@npm:^3.1.11":
  version: 3.1.13
  resolution: "grammex@npm:3.1.13"
  checksum: 10/8c975428d54604297c7f746049a33efee6da272ba8d8dada3ccf999ea0b62aa2f7287b956ee7a6a25b14bceb0f08690a39d2a41f3b791f58e49c65280e5adac0
  languageName: node
  linkType: hard

"graphmatch@npm:^1.1.0":
  version: 1.1.1
  resolution: "graphmatch@npm:1.1.1"
  checksum: 10/1c26f61bfab87c5ba6370805baaba4da7596379841f1b86f55c45b5d186e00d66896761c331aa1b8ec249118e0299567f3b447aff05a5414634dc261cad95290
  languageName: node
  linkType: hard

"iconv-lite@npm:^0.7.0":
  version: 0.7.3
  resolution: "iconv-lite@npm:0.7.3"
  dependencies:
    safer-buffer: "npm:>= 2.1.2 < 3.0.0"
  checksum: 10/b88a3f4527795c96854743bcdcdd03e0083ff5f1c072cb13d3e27c67cd276efd9a2a364922cb836538e976456f82323d645f7ea91d5bc8da1f000dc16742a0aa
  languageName: node
  linkType: hard

"internmap@npm:1 - 2, internmap@npm:2.0.3":
  version: 2.0.3
  resolution: "internmap@npm:2.0.3"
  checksum: 10/873e0e7fcfe32f999aa0997a0b648b1244508e56e3ea6b8259b5245b50b5eeb3853fba221f96692bd6d1def501da76c32d64a5cb22a0b26cdd9b445664f805e0
  languageName: node
  linkType: hard

"is-property@npm:^1.0.2":
  version: 1.0.2
  resolution: "is-property@npm:1.0.2"
  checksum: 10/2f66eacb3d7237ba5c725496672edec656a20b12c80790921988578e6b11c258a062ce1e602f3cd2e3c2e05dd8b6e24e1d59254375207f157424a02ef0abb3d7
  languageName: node
  linkType: hard

"isexe@npm:^2.0.0":
  version: 2.0.0
  resolution: "isexe@npm:2.0.0"
  checksum: 10/7c9f715c03aff08f35e98b1fadae1b9267b38f0615d501824f9743f3aab99ef10e303ce7db3f186763a0b70a19de5791ebfc854ff884d5a8c4d92211f642ec92
  languageName: node
  linkType: hard

"jiti@npm:^2.6.1":
  version: 2.7.0
  resolution: "jiti@npm:2.7.0"
  bin:
    jiti: lib/jiti-cli.mjs
  checksum: 10/6d75a8dbd61dbee031aa0937fabb748ff8ddf370b971958cc704f5cf26b4c5bdc9dcd0563059b2627a2bd41d946fa0bc64f912fdc8981ca7945a9d63c74ad0f9
  languageName: node
  linkType: hard

"json-schema-traverse@npm:^1.0.0":
  version: 1.0.0
  resolution: "json-schema-traverse@npm:1.0.0"
  checksum: 10/02f2f466cdb0362558b2f1fd5e15cce82ef55d60cd7f8fa828cf35ba74330f8d767fcae5c5c2adb7851fa811766c694b9405810879bc4e1ddd78a7c0e03658ad
  languageName: node
  linkType: hard

"lodash@npm:^4.17.21":
  version: 4.18.1
  resolution: "lodash@npm:4.18.1"
  checksum: 10/306fea53dfd39dad1f03d45ba654a2405aebd35797b673077f401edb7df2543623dc44b9effbb98f69b32152295fff725a4cec99c684098947430600c6af0c3f
  languageName: node
  linkType: hard

"long@npm:^5.2.1":
  version: 5.3.2
  resolution: "long@npm:5.3.2"
  checksum: 10/b6b55ddae56fcce2864d37119d6b02fe28f6dd6d9e44fd22705f86a9254b9321bd69e9ffe35263b4846d54aba197c64882adcb8c543f2383c1e41284b321ea64
  languageName: node
  linkType: hard

"lru.min@npm:^1.0.0, lru.min@npm:^1.1.0":
  version: 1.1.5
  resolution: "lru.min@npm:1.1.5"
  checksum: 10/3a12912fde1c60249e42cae9a8b26c3beb5884c6ebb350575f9440459be205d016c7fbbc6eb30cc485eb526ce124bab36b4d6c2de4c7e4aa24ca175194e4e7ff
  languageName: node
  linkType: hard

"mysql2@npm:3.15.3":
  version: 3.15.3
  resolution: "mysql2@npm:3.15.3"
  dependencies:
    aws-ssl-profiles: "npm:^1.1.1"
    denque: "npm:^2.1.0"
    generate-function: "npm:^2.3.1"
    iconv-lite: "npm:^0.7.0"
    long: "npm:^5.2.1"
    lru.min: "npm:^1.0.0"
    named-placeholders: "npm:^1.1.3"
    seq-queue: "npm:^0.0.5"
    sqlstring: "npm:^2.3.2"
  checksum: 10/96fbab423afb05a9ac397c272aa1097872797e224b7d1785ac05b7e46d0884c1e613ad9e2c3082ad7973f229357f9ab5824a7f90e8c582b2094ce52027fff8e3
  languageName: node
  linkType: hard

"named-placeholders@npm:^1.1.3":
  version: 1.1.6
  resolution: "named-placeholders@npm:1.1.6"
  dependencies:
    lru.min: "npm:^1.1.0"
  checksum: 10/959d44f2a00e87baa2c2b2d43c2be76c6e841a0ed67af4bf4a8d91c54082e2b2db9ac8461b16db413dcb133c6f34669516d755f9a1a7956851ce81196a717f65
  languageName: node
  linkType: hard

"ohash@npm:^2.0.11":
  version: 2.0.12
  resolution: "ohash@npm:2.0.12"
  checksum: 10/442550481dc6e929a1e55963844eccaabd2eb402f2fe8a61ac9d88b0f6bf8d8d1c91d4461fab99d871b52690644f9b28ac3d521e256bb5ac30101f0228070aa2
  languageName: node
  linkType: hard

"path-key@npm:^3.1.0":
  version: 3.1.1
  resolution: "path-key@npm:3.1.1"
  checksum: 10/55cd7a9dd4b343412a8386a743f9c746ef196e57c823d90ca3ab917f90ab9f13dd0ded27252ba49dbdfcab2b091d998bc446f6220cd3cea65db407502a740020
  languageName: node
  linkType: hard

"pathe@npm:2.0.3, pathe@npm:^2.0.3":
  version: 2.0.3
  resolution: "pathe@npm:2.0.3"
  checksum: 10/01e9a69928f39087d96e1751ce7d6d50da8c39abf9a12e0ac2389c42c83bc76f78c45a475bd9026a02e6a6f79be63acc75667df855862fe567d99a00a540d23d
  languageName: node
  linkType: hard

"perfect-debounce@npm:^2.1.0":
  version: 2.1.0
  resolution: "perfect-debounce@npm:2.1.0"
  checksum: 10/1e45b92ab585fa1bfafaf01783b693b6d164a4da3b80865487f716a010d95e3d8b1131693258e342da25da671312c194cddb103c4743161f57dcf26574273fe6
  languageName: node
  linkType: hard

"pkg-types@npm:^2.3.0":
  version: 2.3.3
  resolution: "pkg-types@npm:2.3.3"
  dependencies:
    confbox: "npm:^0.3.1"
    exsolve: "npm:^1.1.1"
    pathe: "npm:^2.0.3"
  checksum: 10/35742c0283c6aaa67e60278e5b229f914343e06603e75b5b862064c6f38fc918843475aae6344f29bca92427187977757b802641081ae6b54f668348f8fd44e8
  languageName: node
  linkType: hard

"postgres@npm:3.4.7":
  version: 3.4.7
  resolution: "postgres@npm:3.4.7"
  checksum: 10/ef5b43b137412c13d907da0d37e7d4141653365fd371ffa000e124076119fe14ef95a27b1469f2ed6fb006f855746fc65087f326a124fe320a2b1f3bbec397f4
  languageName: node
  linkType: hard

"prisma@npm:7.10.0":
  version: 7.10.0
  resolution: "prisma@npm:7.10.0"
  dependencies:
    "@prisma/config": "npm:7.10.0"
    "@prisma/dev": "npm:0.24.17"
    "@prisma/engines": "npm:7.10.0"
    "@prisma/studio-core": "npm:0.33.0"
    mysql2: "npm:3.15.3"
    postgres: "npm:3.4.7"
  peerDependencies:
    better-sqlite3: ">=9.0.0"
    typescript: ">=5.4.0"
  peerDependenciesMeta:
    better-sqlite3:
      optional: true
    typescript:
      optional: true
  bin:
    prisma: build/index.js
  checksum: 10/a3331810d4a2d20ac55d616438807b480f5cb342f44792d04fafb71a3b8100df826e22e58ddbd85595e5da6831c3d65f798511dff253c5eeb31bc72f9dd0dc2f
  languageName: node
  linkType: hard

"proper-lockfile@npm:4.1.2, proper-lockfile@npm:^4.1.2":
  version: 4.1.2
  resolution: "proper-lockfile@npm:4.1.2"
  dependencies:
    graceful-fs: "npm:^4.2.4"
    retry: "npm:^0.12.0"
    signal-exit: "npm:^3.0.2"
  checksum: 10/000a4875f543f591872b36ca94531af8a6463ddb0174f41c0b004d19e231d7445268b422ff1ea595e43d238655c702250cd3d27f408e7b9d97b56f1533ba26bf
  languageName: node
  linkType: hard

"pure-rand@npm:^6.1.0":
  version: 6.1.0
  resolution: "pure-rand@npm:6.1.0"
  checksum: 10/256aa4bcaf9297256f552914e03cbdb0039c8fe1db11fa1e6d3f80790e16e563eb0a859a1e61082a95e224fc0c608661839439f8ecc6a3db4e48d46d99216ee4
  languageName: node
  linkType: hard

"rc9@npm:^3.0.1":
  version: 3.1.0
  resolution: "rc9@npm:3.1.0"
  dependencies:
    defu: "npm:^6.1.7"
    destr: "npm:^2.0.5"
  checksum: 10/0917a78dafec4b907e97b6af2a062810c9538893bfe61d762e7af34d81acdc2c0a8c9d57e8746dfee56369e0dec4338eb362406c4296f1bdaa0763b7ab57e090
  languageName: node
  linkType: hard

"react-dom@npm:19.3.0":
  version: 19.3.0
  resolution: "react-dom@npm:19.3.0"
  dependencies:
    scheduler: "npm:^0.28.0"
  peerDependencies:
    react: ^19.3.0
  checksum: 10/fa6c6a3d0cca3f98280017936f818a1f9e474d61d1a64a7b02bfedabbf936234dd3752ba5b7f35efa7f2264c9a073ebace56cb2521e1cbfe7a50444a43ef5690
  languageName: node
  linkType: hard

"react@npm:19.3.0":
  version: 19.3.0
  resolution: "react@npm:19.3.0"
  checksum: 10/e98669f09750c41abb1bf020af67cc847e018c91a8c5413d3f40ddd737e3daef6e419bcd1521b113fda73fd667ae82d5f0e9d9e3ff462faeb82059c09e7f04b1
  languageName: node
  linkType: hard

"readdirp@npm:^5.0.0":
  version: 5.1.1
  resolution: "readdirp@npm:5.1.1"
  checksum: 10/4a6a61272c6db332db361166b42be34ce8480542073061f04f405ed2f703e517e90dfafe33843f647e91d20090c575aee04a823e9ed9d9d9a01ec3603ca45a8b
  languageName: node
  linkType: hard

"remeda@npm:2.33.4":
  version: 2.33.4
  resolution: "remeda@npm:2.33.4"
  checksum: 10/23c4452bf4e105b65965f45971d04d705545a71ece88820e34fdd301b58558087bc5454ee69e2e998e41b013128141c2b9af92aacc50146ab51f89574c586289
  languageName: node
  linkType: hard

"require-from-string@npm:^2.0.2":
  version: 2.0.2
  resolution: "require-from-string@npm:2.0.2"
  checksum: 10/839a3a890102a658f4cb3e7b2aa13a1f80a3a976b512020c3d1efc418491c48a886b6e481ea56afc6c4cb5eef678f23b2a4e70575e7534eccadf5e30ed2e56eb
  languageName: node
  linkType: hard

"ret@npm:~0.5.0":
  version: 0.5.0
  resolution: "ret@npm:0.5.0"
  checksum: 10/fb58f61268ceb762de471fd5871a53def1f47160487c6e21dcbe5274b3eb2df40a80d9eab7ed3732c8de4e4fadc911a66a190a129b5cf75c3e70302a7607f82f
  languageName: node
  linkType: hard

"retry@npm:^0.12.0":
  version: 0.12.0
  resolution: "retry@npm:0.12.0"
  checksum: 10/1f914879f97e7ee931ad05fe3afa629bd55270fc6cf1c1e589b6a99fab96d15daad0fa1a52a00c729ec0078045fe3e399bd4fd0c93bcc906957bdc17f89cb8e6
  languageName: node
  linkType: hard

"robust-predicates@npm:^3.0.2":
  version: 3.0.3
  resolution: "robust-predicates@npm:3.0.3"
  checksum: 10/38464ec7a839b366e039410fa375ec9ea6d365f30eb38dab1c33c0269160ffa682c552a4c2f0098d89aff085fd51023db0cf039e7e6d24f87b4fc4b74ac5e89b
  languageName: node
  linkType: hard

"safe-regex2@npm:^5.0.0":
  version: 5.1.1
  resolution: "safe-regex2@npm:5.1.1"
  dependencies:
    ret: "npm:~0.5.0"
  bin:
    safe-regex2: bin/safe-regex2.js
  checksum: 10/378043ef4daa7d278773feebbc55915ac3e6e87ffd0648922200a9e8ed2b9f5584245e998645cd284933cd87d950264d5bdba6abbefe1936c2ecb7fc7edf1f8f
  languageName: node
  linkType: hard

"safer-buffer@npm:>= 2.1.2 < 3.0.0":
  version: 2.1.2
  resolution: "safer-buffer@npm:2.1.2"
  checksum: 10/7eaf7a0cf37cc27b42fb3ef6a9b1df6e93a1c6d98c6c6702b02fe262d5fcbd89db63320793b99b21cb5348097d0a53de81bd5f4e8b86e20cc9412e3f1cfb4e83
  languageName: node
  linkType: hard

"scheduler@npm:^0.28.0":
  version: 0.28.0
  resolution: "scheduler@npm:0.28.0"
  checksum: 10/2a936a3729df438bd42e6af7a16a62b83543796209c9d2e637f3d7b198bd5c25c5909478a9da4f66923d290e01997816338cf740587c440448863783bd33d31d
  languageName: node
  linkType: hard

"seq-queue@npm:^0.0.5":
  version: 0.0.5
  resolution: "seq-queue@npm:0.0.5"
  checksum: 10/fa302e3b2aaece644532603ae42d675f9b8750e395a98740dd58dc5e02985ce6f0c2b78715b5984d6f6a807893735a14212a70d6ec591e6fba410397269588a0
  languageName: node
  linkType: hard

"shebang-command@npm:^2.0.0":
  version: 2.0.0
  resolution: "shebang-command@npm:2.0.0"
  dependencies:
    shebang-regex: "npm:^3.0.0"
  checksum: 10/6b52fe87271c12968f6a054e60f6bde5f0f3d2db483a1e5c3e12d657c488a15474121a1d55cd958f6df026a54374ec38a4a963988c213b7570e1d51575cea7fa
  languageName: node
  linkType: hard

"shebang-regex@npm:^3.0.0":
  version: 3.0.0
  resolution: "shebang-regex@npm:3.0.0"
  checksum: 10/1a2bcae50de99034fcd92ad4212d8e01eedf52c7ec7830eedcf886622804fe36884278f2be8be0ea5fde3fd1c23911643a4e0f726c8685b61871c8908af01222
  languageName: node
  linkType: hard

"signal-exit@npm:^3.0.2":
  version: 3.0.7
  resolution: "signal-exit@npm:3.0.7"
  checksum: 10/a2f098f247adc367dffc27845853e9959b9e88b01cb301658cfe4194352d8d2bb32e18467c786a7fe15f1d44b233ea35633d076d5e737870b7139949d1ab6318
  languageName: node
  linkType: hard

"signal-exit@npm:^4.0.1":
  version: 4.1.0
  resolution: "signal-exit@npm:4.1.0"
  checksum: 10/c9fa63bbbd7431066174a48ba2dd9986dfd930c3a8b59de9c29d7b6854ec1c12a80d15310869ea5166d413b99f041bfa3dd80a7947bcd44ea8e6eb3ffeabfa1f
  languageName: node
  linkType: hard

"sqlstring@npm:^2.3.2":
  version: 2.3.3
  resolution: "sqlstring@npm:2.3.3"
  checksum: 10/4e5a25af2d77a031fe00694034bf9fd822ddc3a483c9383124b120aa6b9ae9ab71e173cd29fba9c653998ebfef9e97be668957839960b9b3dc1afcb45f1ddb64
  languageName: node
  linkType: hard

"std-env@npm:3.10.0":
  version: 3.10.0
  resolution: "std-env@npm:3.10.0"
  checksum: 10/19c9cda4f370b1ffae2b8b08c72167d8c3e5cfa972aaf5c6873f85d0ed2faa729407f5abb194dc33380708c00315002febb6f1e1b484736bfcf9361ad366013a
  languageName: node
  linkType: hard

"valibot@npm:1.4.2":
  version: 1.4.2
  resolution: "valibot@npm:1.4.2"
  peerDependencies:
    typescript: ">=5"
  peerDependenciesMeta:
    typescript:
      optional: true
  checksum: 10/bb88d083a3f8f37a19796cd9c4e06004ad939a1bdb996b77a7246fceb133d5da5d1ba21c89baebaec327f421f23200fea54d1e682de3452a30138e2e70548521
  languageName: node
  linkType: hard

"which@npm:^2.0.1":
  version: 2.0.2
  resolution: "which@npm:2.0.2"
  dependencies:
    isexe: "npm:^2.0.0"
  bin:
    node-which: ./bin/node-which
  checksum: 10/4782f8a1d6b8fc12c65e968fea49f59752bf6302dc43036c3bf87da718a80710f61a062516e9764c70008b487929a73546125570acea95c5b5dcc8ac3052c70f
  languageName: node
  linkType: hard

"zeptomatch@npm:2.1.0":
  version: 2.1.0
  resolution: "zeptomatch@npm:2.1.0"
  dependencies:
    grammex: "npm:^3.1.11"
    graphmatch: "npm:^1.1.0"
  checksum: 10/28a0aaa01d7081fe26984a3df096fac00eb49b589d86676a32b65f57c31b92622ee2bd8dafeebb76c1b14f59e913db4b36c5e3036485a05ad11a0a812993a8ef
  languageName: node
  linkType: hard
